// !$*UTF8*$!
{
	archiveVersion = 1;
	classes = {
	};
	objectVersion = 56;
	objects = {

/* Begin PBXBuildFile section */
		473A5DFF2AD50F9400A34CE5 /* TPKeyboardAvoidingTableView.m in Sources */ = {isa = PBXBuildFile; fileRef = 473A5DF72AD50F9400A34CE5 /* TPKeyboardAvoidingTableView.m */; };
		473A5E002AD50F9400A34CE5 /* TPKeyboardAvoidingScrollView.m in Sources */ = {isa = PBXBuildFile; fileRef = 473A5DFA2AD50F9400A34CE5 /* TPKeyboardAvoidingScrollView.m */; };
		473A5E012AD50F9400A34CE5 /* TPKeyboardAvoidingCollectionView.m in Sources */ = {isa = PBXBuildFile; fileRef = 473A5DFC2AD50F9400A34CE5 /* TPKeyboardAvoidingCollectionView.m */; };
		473A5E022AD50F9400A34CE5 /* UIScrollView+TPKeyboardAvoidingAdditions.m in Sources */ = {isa = PBXBuildFile; fileRef = 473A5DFD2AD50F9400A34CE5 /* UIScrollView+TPKeyboardAvoidingAdditions.m */; };
		473A5E072AD50FB800A34CE5 /* UIColorExtension.swift in Sources */ = {isa = PBXBuildFile; fileRef = 473A5E042AD50FB800A34CE5 /* UIColorExtension.swift */; };
		473A5E082AD50FB800A34CE5 /* UIViewControllerExtension.swift in Sources */ = {isa = PBXBuildFile; fileRef = 473A5E052AD50FB800A34CE5 /* UIViewControllerExtension.swift */; };
		473A5E092AD50FB800A34CE5 /* UIViewExtension.swift in Sources */ = {isa = PBXBuildFile; fileRef = 473A5E062AD50FB800A34CE5 /* UIViewExtension.swift */; };
		473A5E0C2AD50FF100A34CE5 /* AppNavigator.swift in Sources */ = {isa = PBXBuildFile; fileRef = 473A5E0B2AD50FF100A34CE5 /* AppNavigator.swift */; };
		4741B7632AD4FA49006B6264 /* AppDelegate.swift in Sources */ = {isa = PBXBuildFile; fileRef = 4741B7622AD4FA49006B6264 /* AppDelegate.swift */; };
		4741B7672AD4FA49006B6264 /* ViewController.swift in Sources */ = {isa = PBXBuildFile; fileRef = 4741B7662AD4FA49006B6264 /* ViewController.swift */; };
		4741B76A2AD4FA49006B6264 /* Main.storyboard in Resources */ = {isa = PBXBuildFile; fileRef = 4741B7682AD4FA49006B6264 /* Main.storyboard */; };
		4741B76C2AD4FA4B006B6264 /* Assets.xcassets in Resources */ = {isa = PBXBuildFile; fileRef = 4741B76B2AD4FA4B006B6264 /* Assets.xcassets */; };
		4741B76F2AD4FA4B006B6264 /* LaunchScreen.storyboard in Resources */ = {isa = PBXBuildFile; fileRef = 4741B76D2AD4FA4B006B6264 /* LaunchScreen.storyboard */; };
		47BD89BD2AD509730004D093 /* bus_animation.json in Resources */ = {isa = PBXBuildFile; fileRef = 47BD89BC2AD509730004D093 /* bus_animation.json */; };
		47BD89BF2AD5097E0004D093 /* dataNewYear6.json in Resources */ = {isa = PBXBuildFile; fileRef = 47BD89BE2AD5097E0004D093 /* dataNewYear6.json */; };
		47BD89C12AD509850004D093 /* delivery_animation.json in Resources */ = {isa = PBXBuildFile; fileRef = 47BD89C02AD509850004D093 /* delivery_animation.json */; };
		47BD89C42AD509F50004D093 /* notify.mp3 in Resources */ = {isa = PBXBuildFile; fileRef = 47BD89C32AD509F50004D093 /* notify.mp3 */; };
		47BD89CE2AD50AAD0004D093 /* train_animation.json in Resources */ = {isa = PBXBuildFile; fileRef = 47BD89C52AD50AAD0004D093 /* train_animation.json */; };
		47BD89CF2AD50AAD0004D093 /* FlightAnimation.json in Resources */ = {isa = PBXBuildFile; fileRef = 47BD89C62AD50AAD0004D093 /* FlightAnimation.json */; };
		47BD89D02AD50AAD0004D093 /* icon_vnshop.json in Resources */ = {isa = PBXBuildFile; fileRef = 47BD89C72AD50AAD0004D093 /* icon_vnshop.json */; };
		47BD89D12AD50AAD0004D093 /* flower_animation.json in Resources */ = {isa = PBXBuildFile; fileRef = 47BD89C82AD50AAD0004D093 /* flower_animation.json */; };
		47BD89D22AD50AAD0004D093 /* hotel_animation.json in Resources */ = {isa = PBXBuildFile; fileRef = 47BD89C92AD50AAD0004D093 /* hotel_animation.json */; };
		47BD89D32AD50AAD0004D093 /* loading.json in Resources */ = {isa = PBXBuildFile; fileRef = 47BD89CA2AD50AAD0004D093 /* loading.json */; };
		47BD89D42AD50AAD0004D093 /* golf_animation.json in Resources */ = {isa = PBXBuildFile; fileRef = 47BD89CB2AD50AAD0004D093 /* golf_animation.json */; };
		47BD89D52AD50AAD0004D093 /* taxi_animation.json in Resources */ = {isa = PBXBuildFile; fileRef = 47BD89CC2AD50AAD0004D093 /* taxi_animation.json */; };
		47BD89D62AD50AAD0004D093 /* TaxiAnimation.json in Resources */ = {isa = PBXBuildFile; fileRef = 47BD89CD2AD50AAD0004D093 /* TaxiAnimation.json */; };
		E2D43FF08D67C6F4829077AC /* Pods_agribank_clone_app.framework in Frameworks */ = {isa = PBXBuildFile; fileRef = EEAE2A58FD9C081ABEBFF13B /* Pods_agribank_clone_app.framework */; };
/* End PBXBuildFile section */

/* Begin PBXFileReference section */
		473A5DF52AD50F9300A34CE5 /* agribank_clone_app-Bridging-Header.h */ = {isa = PBXFileReference; lastKnownFileType = sourcecode.c.h; path = "agribank_clone_app-Bridging-Header.h"; sourceTree = "<group>"; };
		473A5DF62AD50F9400A34CE5 /* TPKeyboardAvoidingScrollView.h */ = {isa = PBXFileReference; fileEncoding = 4; lastKnownFileType = sourcecode.c.h; path = TPKeyboardAvoidingScrollView.h; sourceTree = "<group>"; };
		473A5DF72AD50F9400A34CE5 /* TPKeyboardAvoidingTableView.m */ = {isa = PBXFileReference; fileEncoding = 4; lastKnownFileType = sourcecode.c.objc; path = TPKeyboardAvoidingTableView.m; sourceTree = "<group>"; };
		473A5DF82AD50F9400A34CE5 /* UIScrollView+TPKeyboardAvoidingAdditions.h */ = {isa = PBXFileReference; fileEncoding = 4; lastKnownFileType = sourcecode.c.h; path = "UIScrollView+TPKeyboardAvoidingAdditions.h"; sourceTree = "<group>"; };
		473A5DF92AD50F9400A34CE5 /* TPKeyboardAvoidingCollectionView.h */ = {isa = PBXFileReference; fileEncoding = 4; lastKnownFileType = sourcecode.c.h; path = TPKeyboardAvoidingCollectionView.h; sourceTree = "<group>"; };
		473A5DFA2AD50F9400A34CE5 /* TPKeyboardAvoidingScrollView.m */ = {isa = PBXFileReference; fileEncoding = 4; lastKnownFileType = sourcecode.c.objc; path = TPKeyboardAvoidingScrollView.m; sourceTree = "<group>"; };
		473A5DFB2AD50F9400A34CE5 /* TPKeyboardAvoidingTableView.h */ = {isa = PBXFileReference; fileEncoding = 4; lastKnownFileType = sourcecode.c.h; path = TPKeyboardAvoidingTableView.h; sourceTree = "<group>"; };
		473A5DFC2AD50F9400A34CE5 /* TPKeyboardAvoidingCollectionView.m */ = {isa = PBXFileReference; fileEncoding = 4; lastKnownFileType = sourcecode.c.objc; path = TPKeyboardAvoidingCollectionView.m; sourceTree = "<group>"; };
		473A5DFD2AD50F9400A34CE5 /* UIScrollView+TPKeyboardAvoidingAdditions.m */ = {isa = PBXFileReference; fileEncoding = 4; lastKnownFileType = sourcecode.c.objc; path = "UIScrollView+TPKeyboardAvoidingAdditions.m"; sourceTree = "<group>"; };
		473A5DFE2AD50F9400A34CE5 /* vssid_app_clone-Bridging-Header.h */ = {isa = PBXFileReference; fileEncoding = 4; lastKnownFileType = sourcecode.c.h; path = "vssid_app_clone-Bridging-Header.h"; sourceTree = "<group>"; };
		473A5E042AD50FB800A34CE5 /* UIColorExtension.swift */ = {isa = PBXFileReference; fileEncoding = 4; lastKnownFileType = sourcecode.swift; path = UIColorExtension.swift; sourceTree = "<group>"; };
		473A5E052AD50FB800A34CE5 /* UIViewControllerExtension.swift */ = {isa = PBXFileReference; fileEncoding = 4; lastKnownFileType = sourcecode.swift; path = UIViewControllerExtension.swift; sourceTree = "<group>"; };
		473A5E062AD50FB800A34CE5 /* UIViewExtension.swift */ = {isa = PBXFileReference; fileEncoding = 4; lastKnownFileType = sourcecode.swift; path = UIViewExtension.swift; sourceTree = "<group>"; };
		473A5E0B2AD50FF100A34CE5 /* AppNavigator.swift */ = {isa = PBXFileReference; fileEncoding = 4; lastKnownFileType = sourcecode.swift; path = AppNavigator.swift; sourceTree = "<group>"; };
		4741B75F2AD4FA49006B6264 /* agribank_clone_app.app */ = {isa = PBXFileReference; explicitFileType = wrapper.application; includeInIndex = 0; path = agribank_clone_app.app; sourceTree = BUILT_PRODUCTS_DIR; };
		4741B7622AD4FA49006B6264 /* AppDelegate.swift */ = {isa = PBXFileReference; lastKnownFileType = sourcecode.swift; path = AppDelegate.swift; sourceTree = "<group>"; };
		4741B7662AD4FA49006B6264 /* ViewController.swift */ = {isa = PBXFileReference; lastKnownFileType = sourcecode.swift; path = ViewController.swift; sourceTree = "<group>"; };
		4741B7692AD4FA49006B6264 /* Base */ = {isa = PBXFileReference; lastKnownFileType = file.storyboard; name = Base; path = Base.lproj/Main.storyboard; sourceTree = "<group>"; };
		4741B76B2AD4FA4B006B6264 /* Assets.xcassets */ = {isa = PBXFileReference; lastKnownFileType = folder.assetcatalog; path = Assets.xcassets; sourceTree = "<group>"; };
		4741B76E2AD4FA4B006B6264 /* Base */ = {isa = PBXFileReference; lastKnownFileType = file.storyboard; name = Base; path = Base.lproj/LaunchScreen.storyboard; sourceTree = "<group>"; };
		4741B7702AD4FA4B006B6264 /* Info.plist */ = {isa = PBXFileReference; lastKnownFileType = text.plist.xml; path = Info.plist; sourceTree = "<group>"; };
		47BD89952AD4FFFC0004D093 /* SFProDisplay-BoldItalic.otf */ = {isa = PBXFileReference; lastKnownFileType = file; path = "SFProDisplay-BoldItalic.otf"; sourceTree = "<group>"; };
		47BD89962AD4FFFC0004D093 /* SFCompactDisplay-Heavy.otf */ = {isa = PBXFileReference; lastKnownFileType = file; path = "SFCompactDisplay-Heavy.otf"; sourceTree = "<group>"; };
		47BD89972AD4FFFC0004D093 /* SF-UI-Display-Regular.otf */ = {isa = PBXFileReference; lastKnownFileType = file; path = "SF-UI-Display-Regular.otf"; sourceTree = "<group>"; };
		47BD89982AD4FFFC0004D093 /* SFCompactDisplay-Medium.otf */ = {isa = PBXFileReference; lastKnownFileType = file; path = "SFCompactDisplay-Medium.otf"; sourceTree = "<group>"; };
		47BD89992AD4FFFC0004D093 /* SFProDisplay-Semibold.otf */ = {isa = PBXFileReference; lastKnownFileType = file; path = "SFProDisplay-Semibold.otf"; sourceTree = "<group>"; };
		47BD899A2AD4FFFC0004D093 /* SFCompactDisplay-Bold.otf */ = {isa = PBXFileReference; lastKnownFileType = file; path = "SFCompactDisplay-Bold.otf"; sourceTree = "<group>"; };
		47BD899B2AD4FFFC0004D093 /* SFProDisplay-Medium.otf */ = {isa = PBXFileReference; lastKnownFileType = file; path = "SFProDisplay-Medium.otf"; sourceTree = "<group>"; };
		47BD899C2AD4FFFC0004D093 /* SFProDisplay-Thin.otf */ = {isa = PBXFileReference; lastKnownFileType = file; path = "SFProDisplay-Thin.otf"; sourceTree = "<group>"; };
		47BD899D2AD4FFFC0004D093 /* SF-Pro-Display-Semibold.otf */ = {isa = PBXFileReference; lastKnownFileType = file; path = "SF-Pro-Display-Semibold.otf"; sourceTree = "<group>"; };
		47BD899E2AD4FFFC0004D093 /* SFCompactDisplay-Thin.otf */ = {isa = PBXFileReference; lastKnownFileType = file; path = "SFCompactDisplay-Thin.otf"; sourceTree = "<group>"; };
		47BD899F2AD4FFFC0004D093 /* SFProDisplay-BlackItalic.otf */ = {isa = PBXFileReference; lastKnownFileType = file; path = "SFProDisplay-BlackItalic.otf"; sourceTree = "<group>"; };
		47BD89A02AD4FFFC0004D093 /* SFCompactDisplay-Light.otf */ = {isa = PBXFileReference; lastKnownFileType = file; path = "SFCompactDisplay-Light.otf"; sourceTree = "<group>"; };
		47BD89A12AD4FFFC0004D093 /* SFProDisplay-SemiboldItalic.otf */ = {isa = PBXFileReference; lastKnownFileType = file; path = "SFProDisplay-SemiboldItalic.otf"; sourceTree = "<group>"; };
		47BD89A22AD4FFFC0004D093 /* SF-Pro-Display-Medium.otf */ = {isa = PBXFileReference; lastKnownFileType = file; path = "SF-Pro-Display-Medium.otf"; sourceTree = "<group>"; };
		47BD89A32AD4FFFC0004D093 /* SF-UI-Display-Medium.otf */ = {isa = PBXFileReference; lastKnownFileType = file; path = "SF-UI-Display-Medium.otf"; sourceTree = "<group>"; };
		47BD89A42AD4FFFC0004D093 /* SFProDisplay-RegularItalic.otf */ = {isa = PBXFileReference; lastKnownFileType = file; path = "SFProDisplay-RegularItalic.otf"; sourceTree = "<group>"; };
		47BD89A52AD4FFFC0004D093 /* SFProDisplay-Ultralight.otf */ = {isa = PBXFileReference; lastKnownFileType = file; path = "SFProDisplay-Ultralight.otf"; sourceTree = "<group>"; };
		47BD89A62AD4FFFC0004D093 /* SFCompactDisplay-Regular.otf */ = {isa = PBXFileReference; lastKnownFileType = file; path = "SFCompactDisplay-Regular.otf"; sourceTree = "<group>"; };
		47BD89A72AD4FFFC0004D093 /* SF-Pro-Display-Regular.otf */ = {isa = PBXFileReference; lastKnownFileType = file; path = "SF-Pro-Display-Regular.otf"; sourceTree = "<group>"; };
		47BD89A82AD4FFFC0004D093 /* SFProDisplay-Heavy.otf */ = {isa = PBXFileReference; lastKnownFileType = file; path = "SFProDisplay-Heavy.otf"; sourceTree = "<group>"; };
		47BD89A92AD4FFFC0004D093 /* SFCompactDisplay-Ultralight.otf */ = {isa = PBXFileReference; lastKnownFileType = file; path = "SFCompactDisplay-Ultralight.otf"; sourceTree = "<group>"; };
		47BD89AA2AD4FFFC0004D093 /* SFProDisplay-HeavyItalic.otf */ = {isa = PBXFileReference; lastKnownFileType = file; path = "SFProDisplay-HeavyItalic.otf"; sourceTree = "<group>"; };
		47BD89AB2AD4FFFC0004D093 /* SFCompactDisplay-Semibold.otf */ = {isa = PBXFileReference; lastKnownFileType = file; path = "SFCompactDisplay-Semibold.otf"; sourceTree = "<group>"; };
		47BD89AC2AD4FFFC0004D093 /* SFProDisplay-Black.otf */ = {isa = PBXFileReference; lastKnownFileType = file; path = "SFProDisplay-Black.otf"; sourceTree = "<group>"; };
		47BD89AD2AD4FFFC0004D093 /* SFProDisplay-Bold.otf */ = {isa = PBXFileReference; lastKnownFileType = file; path = "SFProDisplay-Bold.otf"; sourceTree = "<group>"; };
		47BD89AE2AD4FFFC0004D093 /* SnellRoundhand-Black.ttf */ = {isa = PBXFileReference; lastKnownFileType = file; path = "SnellRoundhand-Black.ttf"; sourceTree = "<group>"; };
		47BD89AF2AD4FFFC0004D093 /* SFProDisplay-Light.otf */ = {isa = PBXFileReference; lastKnownFileType = file; path = "SFProDisplay-Light.otf"; sourceTree = "<group>"; };
		47BD89B02AD4FFFC0004D093 /* SnellRoundhand-Bold.ttf */ = {isa = PBXFileReference; lastKnownFileType = file; path = "SnellRoundhand-Bold.ttf"; sourceTree = "<group>"; };
		47BD89B12AD4FFFC0004D093 /* SFCompactDisplay-Black.otf */ = {isa = PBXFileReference; lastKnownFileType = file; path = "SFCompactDisplay-Black.otf"; sourceTree = "<group>"; };
		47BD89B22AD4FFFD0004D093 /* SF-Pro-Display-LightItalic.otf */ = {isa = PBXFileReference; lastKnownFileType = file; path = "SF-Pro-Display-LightItalic.otf"; sourceTree = "<group>"; };
		47BD89B32AD4FFFD0004D093 /* SFProDisplay-LightItalic.otf */ = {isa = PBXFileReference; lastKnownFileType = file; path = "SFProDisplay-LightItalic.otf"; sourceTree = "<group>"; };
		47BD89B42AD4FFFD0004D093 /* SnellRoundhand.ttf */ = {isa = PBXFileReference; lastKnownFileType = file; path = SnellRoundhand.ttf; sourceTree = "<group>"; };
		47BD89B52AD4FFFD0004D093 /* SFProDisplay-Regular.otf */ = {isa = PBXFileReference; lastKnownFileType = file; path = "SFProDisplay-Regular.otf"; sourceTree = "<group>"; };
		47BD89B62AD4FFFD0004D093 /* SFProDisplay-ThinItalic.otf */ = {isa = PBXFileReference; lastKnownFileType = file; path = "SFProDisplay-ThinItalic.otf"; sourceTree = "<group>"; };
		47BD89B72AD4FFFD0004D093 /* SFProDisplay-MediumItalic.otf */ = {isa = PBXFileReference; lastKnownFileType = file; path = "SFProDisplay-MediumItalic.otf"; sourceTree = "<group>"; };
		47BD89B82AD4FFFD0004D093 /* SFProDisplay-UltralightItalic.otf */ = {isa = PBXFileReference; lastKnownFileType = file; path = "SFProDisplay-UltralightItalic.otf"; sourceTree = "<group>"; };
		47BD89B92AD4FFFD0004D093 /* SF-UI-Display-Bold.otf */ = {isa = PBXFileReference; lastKnownFileType = file; path = "SF-UI-Display-Bold.otf"; sourceTree = "<group>"; };
		47BD89BA2AD4FFFD0004D093 /* SF-Pro-Display-Bold.otf */ = {isa = PBXFileReference; lastKnownFileType = file; path = "SF-Pro-Display-Bold.otf"; sourceTree = "<group>"; };
		47BD89BC2AD509730004D093 /* bus_animation.json */ = {isa = PBXFileReference; fileEncoding = 4; lastKnownFileType = text.json; path = bus_animation.json; sourceTree = "<group>"; };
		47BD89BE2AD5097E0004D093 /* dataNewYear6.json */ = {isa = PBXFileReference; fileEncoding = 4; lastKnownFileType = text.json; path = dataNewYear6.json; sourceTree = "<group>"; };
		47BD89C02AD509850004D093 /* delivery_animation.json */ = {isa = PBXFileReference; fileEncoding = 4; lastKnownFileType = text.json; path = delivery_animation.json; sourceTree = "<group>"; };
		47BD89C32AD509F50004D093 /* notify.mp3 */ = {isa = PBXFileReference; lastKnownFileType = audio.mp3; path = notify.mp3; sourceTree = "<group>"; };
		47BD89C52AD50AAD0004D093 /* train_animation.json */ = {isa = PBXFileReference; fileEncoding = 4; lastKnownFileType = text.json; path = train_animation.json; sourceTree = "<group>"; };
		47BD89C62AD50AAD0004D093 /* FlightAnimation.json */ = {isa = PBXFileReference; fileEncoding = 4; lastKnownFileType = text.json; path = FlightAnimation.json; sourceTree = "<group>"; };
		47BD89C72AD50AAD0004D093 /* icon_vnshop.json */ = {isa = PBXFileReference; fileEncoding = 4; lastKnownFileType = text.json; path = icon_vnshop.json; sourceTree = "<group>"; };
		47BD89C82AD50AAD0004D093 /* flower_animation.json */ = {isa = PBXFileReference; fileEncoding = 4; lastKnownFileType = text.json; path = flower_animation.json; sourceTree = "<group>"; };
		47BD89C92AD50AAD0004D093 /* hotel_animation.json */ = {isa = PBXFileReference; fileEncoding = 4; lastKnownFileType = text.json; path = hotel_animation.json; sourceTree = "<group>"; };
		47BD89CA2AD50AAD0004D093 /* loading.json */ = {isa = PBXFileReference; fileEncoding = 4; lastKnownFileType = text.json; path = loading.json; sourceTree = "<group>"; };
		47BD89CB2AD50AAD0004D093 /* golf_animation.json */ = {isa = PBXFileReference; fileEncoding = 4; lastKnownFileType = text.json; path = golf_animation.json; sourceTree = "<group>"; };
		47BD89CC2AD50AAD0004D093 /* taxi_animation.json */ = {isa = PBXFileReference; fileEncoding = 4; lastKnownFileType = text.json; path = taxi_animation.json; sourceTree = "<group>"; };
		47BD89CD2AD50AAD0004D093 /* TaxiAnimation.json */ = {isa = PBXFileReference; fileEncoding = 4; lastKnownFileType = text.json; path = TaxiAnimation.json; sourceTree = "<group>"; };
		B539BDF6EE5528913002F3D8 /* Pods-agribank_clone_app.debug.xcconfig */ = {isa = PBXFileReference; includeInIndex = 1; lastKnownFileType = text.xcconfig; name = "Pods-agribank_clone_app.debug.xcconfig"; path = "Target Support Files/Pods-agribank_clone_app/Pods-agribank_clone_app.debug.xcconfig"; sourceTree = "<group>"; };
		EDF645DFFA077046CE5836A6 /* Pods-agribank_clone_app.release.xcconfig */ = {isa = PBXFileReference; includeInIndex = 1; lastKnownFileType = text.xcconfig; name = "Pods-agribank_clone_app.release.xcconfig"; path = "Target Support Files/Pods-agribank_clone_app/Pods-agribank_clone_app.release.xcconfig"; sourceTree = "<group>"; };
		EEAE2A58FD9C081ABEBFF13B /* Pods_agribank_clone_app.framework */ = {isa = PBXFileReference; explicitFileType = wrapper.framework; includeInIndex = 0; path = Pods_agribank_clone_app.framework; sourceTree = BUILT_PRODUCTS_DIR; };
/* End PBXFileReference section */

/* Begin PBXFrameworksBuildPhase section */
		4741B75C2AD4FA49006B6264 /* Frameworks */ = {
			isa = PBXFrameworksBuildPhase;
			buildActionMask = 2147483647;
			files = (
				E2D43FF08D67C6F4829077AC /* Pods_agribank_clone_app.framework in Frameworks */,
			);
			runOnlyForDeploymentPostprocessing = 0;
		};
/* End PBXFrameworksBuildPhase section */

/* Begin PBXGroup section */
		473A5DF42AD50F6500A34CE5 /* Library */ = {
			isa = PBXGroup;
			children = (
				473A5DF92AD50F9400A34CE5 /* TPKeyboardAvoidingCollectionView.h */,
				473A5DFC2AD50F9400A34CE5 /* TPKeyboardAvoidingCollectionView.m */,
				473A5DF62AD50F9400A34CE5 /* TPKeyboardAvoidingScrollView.h */,
				473A5DFA2AD50F9400A34CE5 /* TPKeyboardAvoidingScrollView.m */,
				473A5DFB2AD50F9400A34CE5 /* TPKeyboardAvoidingTableView.h */,
				473A5DF72AD50F9400A34CE5 /* TPKeyboardAvoidingTableView.m */,
				473A5DF82AD50F9400A34CE5 /* UIScrollView+TPKeyboardAvoidingAdditions.h */,
				473A5DFD2AD50F9400A34CE5 /* UIScrollView+TPKeyboardAvoidingAdditions.m */,
				473A5DFE2AD50F9400A34CE5 /* vssid_app_clone-Bridging-Header.h */,
				473A5DF52AD50F9300A34CE5 /* agribank_clone_app-Bridging-Header.h */,
			);
			path = Library;
			sourceTree = "<group>";
		};
		473A5E032AD50FB800A34CE5 /* Extension */ = {
			isa = PBXGroup;
			children = (
				473A5E042AD50FB800A34CE5 /* UIColorExtension.swift */,
				473A5E052AD50FB800A34CE5 /* UIViewControllerExtension.swift */,
				473A5E062AD50FB800A34CE5 /* UIViewExtension.swift */,
			);
			path = Extension;
			sourceTree = "<group>";
		};
		473A5E0A2AD50FE100A34CE5 /* View */ = {
			isa = PBXGroup;
			children = (
			);
			path = View;
			sourceTree = "<group>";
		};
		473A5E0D2AD5103600A34CE5 /* ViewController */ = {
			isa = PBXGroup;
			children = (
			);
			path = ViewController;
			sourceTree = "<group>";
		};
		4741B7562AD4FA49006B6264 = {
			isa = PBXGroup;
			children = (
				4741B7612AD4FA49006B6264 /* agribank_clone_app */,
				4741B7602AD4FA49006B6264 /* Products */,
				B1F4FF24E74B636FB71976CA /* Pods */,
				85B47B5DEC69CEB4C762CF34 /* Frameworks */,
			);
			sourceTree = "<group>";
		};
		4741B7602AD4FA49006B6264 /* Products */ = {
			isa = PBXGroup;
			children = (
				4741B75F2AD4FA49006B6264 /* agribank_clone_app.app */,
			);
			name = Products;
			sourceTree = "<group>";
		};
		4741B7612AD4FA49006B6264 /* agribank_clone_app */ = {
			isa = PBXGroup;
			children = (
				473A5E032AD50FB800A34CE5 /* Extension */,
				473A5DF42AD50F6500A34CE5 /* Library */,
				47BD89BB2AD5096A0004D093 /* Animation */,
				473A5E0A2AD50FE100A34CE5 /* View */,
				47BD89942AD4FFA40004D093 /* Font */,
				473A5E0D2AD5103600A34CE5 /* ViewController */,
				4741B76B2AD4FA4B006B6264 /* Assets.xcassets */,
				4741B76D2AD4FA4B006B6264 /* LaunchScreen.storyboard */,
				4741B7702AD4FA4B006B6264 /* Info.plist */,
				47BD89C22AD509EA0004D093 /* SupportingFile */,
			);
			path = agribank_clone_app;
			sourceTree = "<group>";
		};
		47BD89942AD4FFA40004D093 /* Font */ = {
			isa = PBXGroup;
			children = (
				47BD89BA2AD4FFFD0004D093 /* SF-Pro-Display-Bold.otf */,
				47BD89B22AD4FFFD0004D093 /* SF-Pro-Display-LightItalic.otf */,
				47BD89A22AD4FFFC0004D093 /* SF-Pro-Display-Medium.otf */,
				47BD89A72AD4FFFC0004D093 /* SF-Pro-Display-Regular.otf */,
				47BD899D2AD4FFFC0004D093 /* SF-Pro-Display-Semibold.otf */,
				47BD89B92AD4FFFD0004D093 /* SF-UI-Display-Bold.otf */,
				47BD89A32AD4FFFC0004D093 /* SF-UI-Display-Medium.otf */,
				47BD89972AD4FFFC0004D093 /* SF-UI-Display-Regular.otf */,
				47BD89B12AD4FFFC0004D093 /* SFCompactDisplay-Black.otf */,
				47BD899A2AD4FFFC0004D093 /* SFCompactDisplay-Bold.otf */,
				47BD89962AD4FFFC0004D093 /* SFCompactDisplay-Heavy.otf */,
				47BD89A02AD4FFFC0004D093 /* SFCompactDisplay-Light.otf */,
				47BD89982AD4FFFC0004D093 /* SFCompactDisplay-Medium.otf */,
				47BD89A62AD4FFFC0004D093 /* SFCompactDisplay-Regular.otf */,
				47BD89AB2AD4FFFC0004D093 /* SFCompactDisplay-Semibold.otf */,
				47BD899E2AD4FFFC0004D093 /* SFCompactDisplay-Thin.otf */,
				47BD89A92AD4FFFC0004D093 /* SFCompactDisplay-Ultralight.otf */,
				47BD89AC2AD4FFFC0004D093 /* SFProDisplay-Black.otf */,
				47BD899F2AD4FFFC0004D093 /* SFProDisplay-BlackItalic.otf */,
				47BD89AD2AD4FFFC0004D093 /* SFProDisplay-Bold.otf */,
				47BD89952AD4FFFC0004D093 /* SFProDisplay-BoldItalic.otf */,
				47BD89A82AD4FFFC0004D093 /* SFProDisplay-Heavy.otf */,
				47BD89AA2AD4FFFC0004D093 /* SFProDisplay-HeavyItalic.otf */,
				47BD89AF2AD4FFFC0004D093 /* SFProDisplay-Light.otf */,
				47BD89B32AD4FFFD0004D093 /* SFProDisplay-LightItalic.otf */,
				47BD899B2AD4FFFC0004D093 /* SFProDisplay-Medium.otf */,
				47BD89B72AD4FFFD0004D093 /* SFProDisplay-MediumItalic.otf */,
				47BD89B52AD4FFFD0004D093 /* SFProDisplay-Regular.otf */,
				47BD89A42AD4FFFC0004D093 /* SFProDisplay-RegularItalic.otf */,
				47BD89992AD4FFFC0004D093 /* SFProDisplay-Semibold.otf */,
				47BD89A12AD4FFFC0004D093 /* SFProDisplay-SemiboldItalic.otf */,
				47BD899C2AD4FFFC0004D093 /* SFProDisplay-Thin.otf */,
				47BD89B62AD4FFFD0004D093 /* SFProDisplay-ThinItalic.otf */,
				47BD89A52AD4FFFC0004D093 /* SFProDisplay-Ultralight.otf */,
				47BD89B82AD4FFFD0004D093 /* SFProDisplay-UltralightItalic.otf */,
				47BD89AE2AD4FFFC0004D093 /* SnellRoundhand-Black.ttf */,
				47BD89B02AD4FFFC0004D093 /* SnellRoundhand-Bold.ttf */,
				47BD89B42AD4FFFD0004D093 /* SnellRoundhand.ttf */,
			);
			path = Font;
			sourceTree = "<group>";
		};
		47BD89BB2AD5096A0004D093 /* Animation */ = {
			isa = PBXGroup;
			children = (
				47BD89C02AD509850004D093 /* delivery_animation.json */,
				47BD89BE2AD5097E0004D093 /* dataNewYear6.json */,
				47BD89C62AD50AAD0004D093 /* FlightAnimation.json */,
				47BD89C82AD50AAD0004D093 /* flower_animation.json */,
				47BD89CB2AD50AAD0004D093 /* golf_animation.json */,
				47BD89C92AD50AAD0004D093 /* hotel_animation.json */,
				47BD89C72AD50AAD0004D093 /* icon_vnshop.json */,
				47BD89CA2AD50AAD0004D093 /* loading.json */,
				47BD89CC2AD50AAD0004D093 /* taxi_animation.json */,
				47BD89CD2AD50AAD0004D093 /* TaxiAnimation.json */,
				47BD89C52AD50AAD0004D093 /* train_animation.json */,
				47BD89BC2AD509730004D093 /* bus_animation.json */,
			);
			path = Animation;
			sourceTree = "<group>";
		};
		47BD89C22AD509EA0004D093 /* SupportingFile */ = {
			isa = PBXGroup;
			children = (
				4741B7622AD4FA49006B6264 /* AppDelegate.swift */,
				473A5E0B2AD50FF100A34CE5 /* AppNavigator.swift */,
				4741B7662AD4FA49006B6264 /* ViewController.swift */,
				4741B7682AD4FA49006B6264 /* Main.storyboard */,
				47BD89C32AD509F50004D093 /* notify.mp3 */,
			);
			path = SupportingFile;
			sourceTree = "<group>";
		};
		85B47B5DEC69CEB4C762CF34 /* Frameworks */ = {
			isa = PBXGroup;
			children = (
				EEAE2A58FD9C081ABEBFF13B /* Pods_agribank_clone_app.framework */,
			);
			name = Frameworks;
			sourceTree = "<group>";
		};
		B1F4FF24E74B636FB71976CA /* Pods */ = {
			isa = PBXGroup;
			children = (
				B539BDF6EE5528913002F3D8 /* Pods-agribank_clone_app.debug.xcconfig */,
				EDF645DFFA077046CE5836A6 /* Pods-agribank_clone_app.release.xcconfig */,
			);
			path = Pods;
			sourceTree = "<group>";
		};
/* End PBXGroup section */

/* Begin PBXNativeTarget section */
		4741B75E2AD4FA49006B6264 /* agribank_clone_app */ = {
			isa = PBXNativeTarget;
			buildConfigurationList = 4741B7732AD4FA4B006B6264 /* Build configuration list for PBXNativeTarget "agribank_clone_app" */;
			buildPhases = (
				E17030401A416D72DB83E7AA /* [CP] Check Pods Manifest.lock */,
				4741B75B2AD4FA49006B6264 /* Sources */,
				4741B75C2AD4FA49006B6264 /* Frameworks */,
				4741B75D2AD4FA49006B6264 /* Resources */,
			);
			buildRules = (
			);
			dependencies = (
			);
			name = agribank_clone_app;
			productName = agribank_clone_app;
			productReference = 4741B75F2AD4FA49006B6264 /* agribank_clone_app.app */;
			productType = "com.apple.product-type.application";
		};
/* End PBXNativeTarget section */

/* Begin PBXProject section */
		4741B7572AD4FA49006B6264 /* Project object */ = {
			isa = PBXProject;
			attributes = {
				BuildIndependentTargetsInParallel = 1;
				LastSwiftUpdateCheck = 1430;
				LastUpgradeCheck = 1430;
				TargetAttributes = {
					4741B75E2AD4FA49006B6264 = {
						CreatedOnToolsVersion = 14.3;
						LastSwiftMigration = 1430;
					};
				};
			};
			buildConfigurationList = 4741B75A2AD4FA49006B6264 /* Build configuration list for PBXProject "agribank_clone_app" */;
			compatibilityVersion = "Xcode 14.0";
			developmentRegion = en;
			hasScannedForEncodings = 0;
			knownRegions = (
				en,
				Base,
			);
			mainGroup = 4741B7562AD4FA49006B6264;
			productRefGroup = 4741B7602AD4FA49006B6264 /* Products */;
			projectDirPath = "";
			projectRoot = "";
			targets = (
				4741B75E2AD4FA49006B6264 /* agribank_clone_app */,
			);
		};
/* End PBXProject section */

/* Begin PBXResourcesBuildPhase section */
		4741B75D2AD4FA49006B6264 /* Resources */ = {
			isa = PBXResourcesBuildPhase;
			buildActionMask = 2147483647;
			files = (
				47BD89D62AD50AAD0004D093 /* TaxiAnimation.json in Resources */,
				47BD89C12AD509850004D093 /* delivery_animation.json in Resources */,
				47BD89D12AD50AAD0004D093 /* flower_animation.json in Resources */,
				47BD89CE2AD50AAD0004D093 /* train_animation.json in Resources */,
				47BD89D22AD50AAD0004D093 /* hotel_animation.json in Resources */,
				47BD89D02AD50AAD0004D093 /* icon_vnshop.json in Resources */,
				47BD89CF2AD50AAD0004D093 /* FlightAnimation.json in Resources */,
				47BD89D32AD50AAD0004D093 /* loading.json in Resources */,
				4741B76F2AD4FA4B006B6264 /* LaunchScreen.storyboard in Resources */,
				47BD89D42AD50AAD0004D093 /* golf_animation.json in Resources */,
				4741B76C2AD4FA4B006B6264 /* Assets.xcassets in Resources */,
				47BD89D52AD50AAD0004D093 /* taxi_animation.json in Resources */,
				47BD89BF2AD5097E0004D093 /* dataNewYear6.json in Resources */,
				4741B76A2AD4FA49006B6264 /* Main.storyboard in Resources */,
				47BD89BD2AD509730004D093 /* bus_animation.json in Resources */,
				47BD89C42AD509F50004D093 /* notify.mp3 in Resources */,
			);
			runOnlyForDeploymentPostprocessing = 0;
		};
/* End PBXResourcesBuildPhase section */

/* Begin PBXShellScriptBuildPhase section */
		E17030401A416D72DB83E7AA /* [CP] Check Pods Manifest.lock */ = {
			isa = PBXShellScriptBuildPhase;
			buildActionMask = 2147483647;
			files = (
			);
			inputFileListPaths = (
			);
			inputPaths = (
				"${PODS_PODFILE_DIR_PATH}/Podfile.lock",
				"${PODS_ROOT}/Manifest.lock",
			);
			name = "[CP] Check Pods Manifest.lock";
			outputFileListPaths = (
			);
			outputPaths = (
				"$(DERIVED_FILE_DIR)/Pods-agribank_clone_app-checkManifestLockResult.txt",
			);
			runOnlyForDeploymentPostprocessing = 0;
			shellPath = /bin/sh;
			shellScript = "diff \"${PODS_PODFILE_DIR_PATH}/Podfile.lock\" \"${PODS_ROOT}/Manifest.lock\" > /dev/null\nif [ $? != 0 ] ; then\n    # print error to STDERR\n    echo \"error: The sandbox is not in sync with the Podfile.lock. Run 'pod install' or update your CocoaPods installation.\" >&2\n    exit 1\nfi\n# This output is used by Xcode 'outputs' to avoid re-running this script phase.\necho \"SUCCESS\" > \"${SCRIPT_OUTPUT_FILE_0}\"\n";
			showEnvVarsInLog = 0;
		};
/* End PBXShellScriptBuildPhase section */

/* Begin PBXSourcesBuildPhase section */
		4741B75B2AD4FA49006B6264 /* Sources */ = {
			isa = PBXSourcesBuildPhase;
			buildActionMask = 2147483647;
			files = (
				473A5E012AD50F9400A34CE5 /* TPKeyboardAvoidingCollectionView.m in Sources */,
				473A5E072AD50FB800A34CE5 /* UIColorExtension.swift in Sources */,
				473A5E022AD50F9400A34CE5 /* UIScrollView+TPKeyboardAvoidingAdditions.m in Sources */,
				473A5E0C2AD50FF100A34CE5 /* AppNavigator.swift in Sources */,
				473A5DFF2AD50F9400A34CE5 /* TPKeyboardAvoidingTableView.m in Sources */,
				473A5E082AD50FB800A34CE5 /* UIViewControllerExtension.swift in Sources */,
				473A5E002AD50F9400A34CE5 /* TPKeyboardAvoidingScrollView.m in Sources */,
				473A5E092AD50FB800A34CE5 /* UIViewExtension.swift in Sources */,
				4741B7672AD4FA49006B6264 /* ViewController.swift in Sources */,
				4741B7632AD4FA49006B6264 /* AppDelegate.swift in Sources */,
			);
			runOnlyForDeploymentPostprocessing = 0;
		};
/* End PBXSourcesBuildPhase section */

/* Begin PBXVariantGroup section */
		4741B7682AD4FA49006B6264 /* Main.storyboard */ = {
			isa = PBXVariantGroup;
			children = (
				4741B7692AD4FA49006B6264 /* Base */,
			);
			name = Main.storyboard;
			sourceTree = "<group>";
		};
		4741B76D2AD4FA4B006B6264 /* LaunchScreen.storyboard */ = {
			isa = PBXVariantGroup;
			children = (
				4741B76E2AD4FA4B006B6264 /* Base */,
			);
			name = LaunchScreen.storyboard;
			sourceTree = "<group>";
		};
/* End PBXVariantGroup section */

/* Begin XCBuildConfiguration section */
		4741B7712AD4FA4B006B6264 /* Debug */ = {
			isa = XCBuildConfiguration;
			buildSettings = {
				ALWAYS_SEARCH_USER_PATHS = NO;
				CLANG_ANALYZER_NONNULL = YES;
				CLANG_ANALYZER_NUMBER_OBJECT_CONVERSION = YES_AGGRESSIVE;
				CLANG_CXX_LANGUAGE_STANDARD = "gnu++20";
				CLANG_ENABLE_MODULES = YES;
				CLANG_ENABLE_OBJC_ARC = YES;
				CLANG_ENABLE_OBJC_WEAK = YES;
				CLANG_WARN_BLOCK_CAPTURE_AUTORELEASING = YES;
				CLANG_WARN_BOOL_CONVERSION = YES;
				CLANG_WARN_COMMA = YES;
				CLANG_WARN_CONSTANT_CONVERSION = YES;
				CLANG_WARN_DEPRECATED_OBJC_IMPLEMENTATIONS = YES;
				CLANG_WARN_DIRECT_OBJC_ISA_USAGE = YES_ERROR;
				CLANG_WARN_DOCUMENTATION_COMMENTS = YES;
				CLANG_WARN_EMPTY_BODY = YES;
				CLANG_WARN_ENUM_CONVERSION = YES;
				CLANG_WARN_INFINITE_RECURSION = YES;
				CLANG_WARN_INT_CONVERSION = YES;
				CLANG_WARN_NON_LITERAL_NULL_CONVERSION = YES;
				CLANG_WARN_OBJC_IMPLICIT_RETAIN_SELF = YES;
				CLANG_WARN_OBJC_LITERAL_CONVERSION = YES;
				CLANG_WARN_OBJC_ROOT_CLASS = YES_ERROR;
				CLANG_WARN_QUOTED_INCLUDE_IN_FRAMEWORK_HEADER = YES;
				CLANG_WARN_RANGE_LOOP_ANALYSIS = YES;
				CLANG_WARN_STRICT_PROTOTYPES = YES;
				CLANG_WARN_SUSPICIOUS_MOVE = YES;
				CLANG_WARN_UNGUARDED_AVAILABILITY = YES_AGGRESSIVE;
				CLANG_WARN_UNREACHABLE_CODE = YES;
				CLANG_WARN__DUPLICATE_METHOD_MATCH = YES;
				COPY_PHASE_STRIP = NO;
				DEBUG_INFORMATION_FORMAT = dwarf;
				ENABLE_STRICT_OBJC_MSGSEND = YES;
				ENABLE_TESTABILITY = YES;
				GCC_C_LANGUAGE_STANDARD = gnu11;
				GCC_DYNAMIC_NO_PIC = NO;
				GCC_NO_COMMON_BLOCKS = YES;
				GCC_OPTIMIZATION_LEVEL = 0;
				GCC_PREPROCESSOR_DEFINITIONS = (
					"DEBUG=1",
					"$(inherited)",
				);
				GCC_WARN_64_TO_32_BIT_CONVERSION = YES;
				GCC_WARN_ABOUT_RETURN_TYPE = YES_ERROR;
				GCC_WARN_UNDECLARED_SELECTOR = YES;
				GCC_WARN_UNINITIALIZED_AUTOS = YES_AGGRESSIVE;
				GCC_WARN_UNUSED_FUNCTION = YES;
				GCC_WARN_UNUSED_VARIABLE = YES;
				IPHONEOS_DEPLOYMENT_TARGET = 16.4;
				MTL_ENABLE_DEBUG_INFO = INCLUDE_SOURCE;
				MTL_FAST_MATH = YES;
				ONLY_ACTIVE_ARCH = YES;
				SDKROOT = iphoneos;
				SWIFT_ACTIVE_COMPILATION_CONDITIONS = DEBUG;
				SWIFT_OPTIMIZATION_LEVEL = "-Onone";
			};
			name = Debug;
		};
		4741B7722AD4FA4B006B6264 /* Release */ = {
			isa = XCBuildConfiguration;
			buildSettings = {
				ALWAYS_SEARCH_USER_PATHS = NO;
				CLANG_ANALYZER_NONNULL = YES;
				CLANG_ANALYZER_NUMBER_OBJECT_CONVERSION = YES_AGGRESSIVE;
				CLANG_CXX_LANGUAGE_STANDARD = "gnu++20";
				CLANG_ENABLE_MODULES = YES;
				CLANG_ENABLE_OBJC_ARC = YES;
				CLANG_ENABLE_OBJC_WEAK = YES;
				CLANG_WARN_BLOCK_CAPTURE_AUTORELEASING = YES;
				CLANG_WARN_BOOL_CONVERSION = YES;
				CLANG_WARN_COMMA = YES;
				CLANG_WARN_CONSTANT_CONVERSION = YES;
				CLANG_WARN_DEPRECATED_OBJC_IMPLEMENTATIONS = YES;
				CLANG_WARN_DIRECT_OBJC_ISA_USAGE = YES_ERROR;
				CLANG_WARN_DOCUMENTATION_COMMENTS = YES;
				CLANG_WARN_EMPTY_BODY = YES;
				CLANG_WARN_ENUM_CONVERSION = YES;
				CLANG_WARN_INFINITE_RECURSION = YES;
				CLANG_WARN_INT_CONVERSION = YES;
				CLANG_WARN_NON_LITERAL_NULL_CONVERSION = YES;
				CLANG_WARN_OBJC_IMPLICIT_RETAIN_SELF = YES;
				CLANG_WARN_OBJC_LITERAL_CONVERSION = YES;
				CLANG_WARN_OBJC_ROOT_CLASS = YES_ERROR;
				CLANG_WARN_QUOTED_INCLUDE_IN_FRAMEWORK_HEADER = YES;
				CLANG_WARN_RANGE_LOOP_ANALYSIS = YES;
				CLANG_WARN_STRICT_PROTOTYPES = YES;
				CLANG_WARN_SUSPICIOUS_MOVE = YES;
				CLANG_WARN_UNGUARDED_AVAILABILITY = YES_AGGRESSIVE;
				CLANG_WARN_UNREACHABLE_CODE = YES;
				CLANG_WARN__DUPLICATE_METHOD_MATCH = YES;
				COPY_PHASE_STRIP = NO;
				DEBUG_INFORMATION_FORMAT = "dwarf-with-dsym";
				ENABLE_NS_ASSERTIONS = NO;
				ENABLE_STRICT_OBJC_MSGSEND = YES;
				GCC_C_LANGUAGE_STANDARD = gnu11;
				GCC_NO_COMMON_BLOCKS = YES;
				GCC_WARN_64_TO_32_BIT_CONVERSION = YES;
				GCC_WARN_ABOUT_RETURN_TYPE = YES_ERROR;
				GCC_WARN_UNDECLARED_SELECTOR = YES;
				GCC_WARN_UNINITIALIZED_AUTOS = YES_AGGRESSIVE;
				GCC_WARN_UNUSED_FUNCTION = YES;
				GCC_WARN_UNUSED_VARIABLE = YES;
				IPHONEOS_DEPLOYMENT_TARGET = 16.4;
				MTL_ENABLE_DEBUG_INFO = NO;
				MTL_FAST_MATH = YES;
				SDKROOT = iphoneos;
				SWIFT_COMPILATION_MODE = wholemodule;
				SWIFT_OPTIMIZATION_LEVEL = "-O";
				VALIDATE_PRODUCT = YES;
			};
			name = Release;
		};
		4741B7742AD4FA4B006B6264 /* Debug */ = {
			isa = XCBuildConfiguration;
			baseConfigurationReference = B539BDF6EE5528913002F3D8 /* Pods-agribank_clone_app.debug.xcconfig */;
			buildSettings = {
				ASSETCATALOG_COMPILER_APPICON_NAME = AppIcon;
				ASSETCATALOG_COMPILER_GLOBAL_ACCENT_COLOR_NAME = AccentColor;
				CLANG_ENABLE_MODULES = YES;
				CODE_SIGN_STYLE = Automatic;
				CURRENT_PROJECT_VERSION = 1;
				GENERATE_INFOPLIST_FILE = YES;
				INFOPLIST_FILE = agribank_clone_app/Info.plist;
				INFOPLIST_KEY_UIApplicationSupportsIndirectInputEvents = YES;
				INFOPLIST_KEY_UILaunchStoryboardName = LaunchScreen;
				INFOPLIST_KEY_UIMainStoryboardFile = Main;
				INFOPLIST_KEY_UISupportedInterfaceOrientations_iPad = "UIInterfaceOrientationPortrait UIInterfaceOrientationPortraitUpsideDown UIInterfaceOrientationLandscapeLeft UIInterfaceOrientationLandscapeRight";
				INFOPLIST_KEY_UISupportedInterfaceOrientations_iPhone = "UIInterfaceOrientationPortrait UIInterfaceOrientationLandscapeLeft UIInterfaceOrientationLandscapeRight";
				LD_RUNPATH_SEARCH_PATHS = (
					"$(inherited)",
					"@executable_path/Frameworks",
				);
				MARKETING_VERSION = 1.0;
				PRODUCT_BUNDLE_IDENTIFIER = "curtistu.agribank-clone-app";
				PRODUCT_NAME = "$(TARGET_NAME)";
				SWIFT_EMIT_LOC_STRINGS = YES;
				SWIFT_OBJC_BRIDGING_HEADER = "agribank_clone_app/Library/agribank_clone_app-Bridging-Header.h";
				SWIFT_OPTIMIZATION_LEVEL = "-Onone";
				SWIFT_VERSION = 5.0;
				TARGETED_DEVICE_FAMILY = "1,2";
			};
			name = Debug;
		};
		4741B7752AD4FA4B006B6264 /* Release */ = {
			isa = XCBuildConfiguration;
			baseConfigurationReference = EDF645DFFA077046CE5836A6 /* Pods-agribank_clone_app.release.xcconfig */;
			buildSettings = {
				ASSETCATALOG_COMPILER_APPICON_NAME = AppIcon;
				ASSETCATALOG_COMPILER_GLOBAL_ACCENT_COLOR_NAME = AccentColor;
				CLANG_ENABLE_MODULES = YES;
				CODE_SIGN_STYLE = Automatic;
				CURRENT_PROJECT_VERSION = 1;
				GENERATE_INFOPLIST_FILE = YES;
				INFOPLIST_FILE = agribank_clone_app/Info.plist;
				INFOPLIST_KEY_UIApplicationSupportsIndirectInputEvents = YES;
				INFOPLIST_KEY_UILaunchStoryboardName = LaunchScreen;
				INFOPLIST_KEY_UIMainStoryboardFile = Main;
				INFOPLIST_KEY_UISupportedInterfaceOrientations_iPad = "UIInterfaceOrientationPortrait UIInterfaceOrientationPortraitUpsideDown UIInterfaceOrientationLandscapeLeft UIInterfaceOrientationLandscapeRight";
				INFOPLIST_KEY_UISupportedInterfaceOrientations_iPhone = "UIInterfaceOrientationPortrait UIInterfaceOrientationLandscapeLeft UIInterfaceOrientationLandscapeRight";
				LD_RUNPATH_SEARCH_PATHS = (
					"$(inherited)",
					"@executable_path/Frameworks",
				);
				MARKETING_VERSION = 1.0;
				PRODUCT_BUNDLE_IDENTIFIER = "curtistu.agribank-clone-app";
				PRODUCT_NAME = "$(TARGET_NAME)";
				SWIFT_EMIT_LOC_STRINGS = YES;
				SWIFT_OBJC_BRIDGING_HEADER = "agribank_clone_app/Library/agribank_clone_app-Bridging-Header.h";
				SWIFT_VERSION = 5.0;
				TARGETED_DEVICE_FAMILY = "1,2";
			};
			name = Release;
		};
/* End XCBuildConfiguration section */

/* Begin XCConfigurationList section */
		4741B75A2AD4FA49006B6264 /* Build configuration list for PBXProject "agribank_clone_app" */ = {
			isa = XCConfigurationList;
			buildConfigurations = (
				4741B7712AD4FA4B006B6264 /* Debug */,
				4741B7722AD4FA4B006B6264 /* Release */,
			);
			defaultConfigurationIsVisible = 0;
			defaultConfigurationName = Release;
		};
		4741B7732AD4FA4B006B6264 /* Build configuration list for PBXNativeTarget "agribank_clone_app" */ = {
			isa = XCConfigurationList;
			buildConfigurations = (
				4741B7742AD4FA4B006B6264 /* Debug */,
				4741B7752AD4FA4B006B6264 /* Release */,
			);
			defaultConfigurationIsVisible = 0;
			defaultConfigurationName = Release;
		};
/* End XCConfigurationList section */
	};
	rootObject = 4741B7572AD4FA49006B6264 /* Project object */;
}
