// !$*UTF8*$!
{
	archiveVersion = 1;
	classes = {
	};
	objectVersion = 56;
	objects = {

/* Begin PBXBuildFile section */
		471E5ED82AFB1CA600BB0278 /* CreateAccountViewController.swift in Sources */ = {isa = PBXBuildFile; fileRef = 471E5ED62AFB1CA600BB0278 /* CreateAccountViewController.swift */; };
		471E5ED92AFB1CA600BB0278 /* CreateAccountViewController.xib in Resources */ = {isa = PBXBuildFile; fileRef = 471E5ED72AFB1CA600BB0278 /* CreateAccountViewController.xib */; };
		471E5EDD2AFB1ECE00BB0278 /* CommonUtils.swift in Sources */ = {isa = PBXBuildFile; fileRef = 471E5EDA2AFB1ECE00BB0278 /* CommonUtils.swift */; };
		471E5EDE2AFB1ECE00BB0278 /* Constant.swift in Sources */ = {isa = PBXBuildFile; fileRef = 471E5EDB2AFB1ECE00BB0278 /* Constant.swift */; };
		471E5EDF2AFB1ECE00BB0278 /* Storage.swift in Sources */ = {isa = PBXBuildFile; fileRef = 471E5EDC2AFB1ECE00BB0278 /* Storage.swift */; };
		471E5EE12AFB1F4600BB0278 /* AccountModel.swift in Sources */ = {isa = PBXBuildFile; fileRef = 471E5EE02AFB1F4600BB0278 /* AccountModel.swift */; };
		473A5DFF2AD50F9400A34CE5 /* TPKeyboardAvoidingTableView.m in Sources */ = {isa = PBXBuildFile; fileRef = 473A5DF72AD50F9400A34CE5 /* TPKeyboardAvoidingTableView.m */; };
		473A5E002AD50F9400A34CE5 /* TPKeyboardAvoidingScrollView.m in Sources */ = {isa = PBXBuildFile; fileRef = 473A5DFA2AD50F9400A34CE5 /* TPKeyboardAvoidingScrollView.m */; };
		473A5E012AD50F9400A34CE5 /* TPKeyboardAvoidingCollectionView.m in Sources */ = {isa = PBXBuildFile; fileRef = 473A5DFC2AD50F9400A34CE5 /* TPKeyboardAvoidingCollectionView.m */; };
		473A5E022AD50F9400A34CE5 /* UIScrollView+TPKeyboardAvoidingAdditions.m in Sources */ = {isa = PBXBuildFile; fileRef = 473A5DFD2AD50F9400A34CE5 /* UIScrollView+TPKeyboardAvoidingAdditions.m */; };
		473A5E072AD50FB800A34CE5 /* UIColorExtension.swift in Sources */ = {isa = PBXBuildFile; fileRef = 473A5E042AD50FB800A34CE5 /* UIColorExtension.swift */; };
		473A5E082AD50FB800A34CE5 /* UIViewControllerExtension.swift in Sources */ = {isa = PBXBuildFile; fileRef = 473A5E052AD50FB800A34CE5 /* UIViewControllerExtension.swift */; };
		473A5E092AD50FB800A34CE5 /* UIViewExtension.swift in Sources */ = {isa = PBXBuildFile; fileRef = 473A5E062AD50FB800A34CE5 /* UIViewExtension.swift */; };
		473A5E0C2AD50FF100A34CE5 /* AppNavigator.swift in Sources */ = {isa = PBXBuildFile; fileRef = 473A5E0B2AD50FF100A34CE5 /* AppNavigator.swift */; };
		4741B7632AD4FA49006B6264 /* AppDelegate.swift in Sources */ = {isa = PBXBuildFile; fileRef = 4741B7622AD4FA49006B6264 /* AppDelegate.swift */; };
		4741B7672AD4FA49006B6264 /* ViewController.swift in Sources */ = {isa = PBXBuildFile; fileRef = 4741B7662AD4FA49006B6264 /* ViewController.swift */; };
		4741B76A2AD4FA49006B6264 /* Main.storyboard in Resources */ = {isa = PBXBuildFile; fileRef = 4741B7682AD4FA49006B6264 /* Main.storyboard */; };
		4741B76C2AD4FA4B006B6264 /* Assets.xcassets in Resources */ = {isa = PBXBuildFile; fileRef = 4741B76B2AD4FA4B006B6264 /* Assets.xcassets */; };
		4741B76F2AD4FA4B006B6264 /* LaunchScreen.storyboard in Resources */ = {isa = PBXBuildFile; fileRef = 4741B76D2AD4FA4B006B6264 /* LaunchScreen.storyboard */; };
		475F06D82AF231350055D405 /* BaseViewController.swift in Sources */ = {isa = PBXBuildFile; fileRef = 475F06D72AF231350055D405 /* BaseViewController.swift */; };
		47854F7B2AFC93C600472D88 /* SearchFeatureViewController.swift in Sources */ = {isa = PBXBuildFile; fileRef = 47854F792AFC93C600472D88 /* SearchFeatureViewController.swift */; };
		47854F7C2AFC93C600472D88 /* SearchFeatureViewController.xib in Resources */ = {isa = PBXBuildFile; fileRef = 47854F7A2AFC93C600472D88 /* SearchFeatureViewController.xib */; };
		47854F802AFC952900472D88 /* SearchFeatureCollectionViewCell.swift in Sources */ = {isa = PBXBuildFile; fileRef = 47854F7E2AFC952900472D88 /* SearchFeatureCollectionViewCell.swift */; };
		47854F812AFC952900472D88 /* SearchFeatureCollectionViewCell.xib in Resources */ = {isa = PBXBuildFile; fileRef = 47854F7F2AFC952900472D88 /* SearchFeatureCollectionViewCell.xib */; };
		47854F862AFC9DDE00472D88 /* SuggestHeader.swift in Sources */ = {isa = PBXBuildFile; fileRef = 47854F842AFC9DDE00472D88 /* SuggestHeader.swift */; };
		47854F872AFC9DDE00472D88 /* SuggestHeader.xib in Resources */ = {isa = PBXBuildFile; fileRef = 47854F852AFC9DDE00472D88 /* SuggestHeader.xib */; };
		47854F8A2AFC9DF800472D88 /* SuggestFooter.swift in Sources */ = {isa = PBXBuildFile; fileRef = 47854F882AFC9DF800472D88 /* SuggestFooter.swift */; };
		47854F8B2AFC9DF800472D88 /* SuggestFooter.xib in Resources */ = {isa = PBXBuildFile; fileRef = 47854F892AFC9DF800472D88 /* SuggestFooter.xib */; };
		4795E9A92AF010D000EFE78A /* TabbarViewController.swift in Sources */ = {isa = PBXBuildFile; fileRef = 4795E9A82AF010D000EFE78A /* TabbarViewController.swift */; };
		479DDABE2AF634D300BF3416 /* CommonEnum.swift in Sources */ = {isa = PBXBuildFile; fileRef = 479DDABD2AF634D300BF3416 /* CommonEnum.swift */; };
		47BD89BD2AD509730004D093 /* bus_animation.json in Resources */ = {isa = PBXBuildFile; fileRef = 47BD89BC2AD509730004D093 /* bus_animation.json */; };
		47BD89BF2AD5097E0004D093 /* dataNewYear6.json in Resources */ = {isa = PBXBuildFile; fileRef = 47BD89BE2AD5097E0004D093 /* dataNewYear6.json */; };
		47BD89C12AD509850004D093 /* delivery_animation.json in Resources */ = {isa = PBXBuildFile; fileRef = 47BD89C02AD509850004D093 /* delivery_animation.json */; };
		47BD89C42AD509F50004D093 /* notify.mp3 in Resources */ = {isa = PBXBuildFile; fileRef = 47BD89C32AD509F50004D093 /* notify.mp3 */; };
		47BD89CE2AD50AAD0004D093 /* train_animation.json in Resources */ = {isa = PBXBuildFile; fileRef = 47BD89C52AD50AAD0004D093 /* train_animation.json */; };
		47BD89CF2AD50AAD0004D093 /* FlightAnimation.json in Resources */ = {isa = PBXBuildFile; fileRef = 47BD89C62AD50AAD0004D093 /* FlightAnimation.json */; };
		47BD89D02AD50AAD0004D093 /* icon_vnshop.json in Resources */ = {isa = PBXBuildFile; fileRef = 47BD89C72AD50AAD0004D093 /* icon_vnshop.json */; };
		47BD89D12AD50AAD0004D093 /* flower_animation.json in Resources */ = {isa = PBXBuildFile; fileRef = 47BD89C82AD50AAD0004D093 /* flower_animation.json */; };
		47BD89D22AD50AAD0004D093 /* hotel_animation.json in Resources */ = {isa = PBXBuildFile; fileRef = 47BD89C92AD50AAD0004D093 /* hotel_animation.json */; };
		47BD89D32AD50AAD0004D093 /* loading.json in Resources */ = {isa = PBXBuildFile; fileRef = 47BD89CA2AD50AAD0004D093 /* loading.json */; };
		47BD89D42AD50AAD0004D093 /* golf_animation.json in Resources */ = {isa = PBXBuildFile; fileRef = 47BD89CB2AD50AAD0004D093 /* golf_animation.json */; };
		47BD89D52AD50AAD0004D093 /* taxi_animation.json in Resources */ = {isa = PBXBuildFile; fileRef = 47BD89CC2AD50AAD0004D093 /* taxi_animation.json */; };
		47BD89D62AD50AAD0004D093 /* TaxiAnimation.json in Resources */ = {isa = PBXBuildFile; fileRef = 47BD89CD2AD50AAD0004D093 /* TaxiAnimation.json */; };
		47DA8E242AFB6B4200498E91 /* IntExtension.swift in Sources */ = {isa = PBXBuildFile; fileRef = 47DA8E232AFB6B4200498E91 /* IntExtension.swift */; };
		47DA8E282AFB6FCE00498E91 /* DetailAccountInforViewController.swift in Sources */ = {isa = PBXBuildFile; fileRef = 47DA8E262AFB6FCE00498E91 /* DetailAccountInforViewController.swift */; };
		47DA8E292AFB6FCE00498E91 /* DetailAccountInforViewController.xib in Resources */ = {isa = PBXBuildFile; fileRef = 47DA8E272AFB6FCE00498E91 /* DetailAccountInforViewController.xib */; };
		76D1333A2AFDD0920056CC4A /* NotificationViewController.swift in Sources */ = {isa = PBXBuildFile; fileRef = 76D133382AFDD0920056CC4A /* NotificationViewController.swift */; };
		76D1333B2AFDD0920056CC4A /* NotificationViewController.xib in Resources */ = {isa = PBXBuildFile; fileRef = 76D133392AFDD0920056CC4A /* NotificationViewController.xib */; };
		76D1333E2AFDD2320056CC4A /* BalanceNotificationModel.swift in Sources */ = {isa = PBXBuildFile; fileRef = 76D1333D2AFDD2320056CC4A /* BalanceNotificationModel.swift */; };
		76D133422AFDD2970056CC4A /* BalanceNotificationTableViewCell.swift in Sources */ = {isa = PBXBuildFile; fileRef = 76D133402AFDD2970056CC4A /* BalanceNotificationTableViewCell.swift */; };
		76D133432AFDD2970056CC4A /* BalanceNotificationTableViewCell.xib in Resources */ = {isa = PBXBuildFile; fileRef = 76D133412AFDD2970056CC4A /* BalanceNotificationTableViewCell.xib */; };
		76D133472AFDD2A80056CC4A /* DealNotificationTableViewCell.swift in Sources */ = {isa = PBXBuildFile; fileRef = 76D133452AFDD2A80056CC4A /* DealNotificationTableViewCell.swift */; };
		76D133482AFDD2A80056CC4A /* DealNotificationTableViewCell.xib in Resources */ = {isa = PBXBuildFile; fileRef = 76D133462AFDD2A80056CC4A /* DealNotificationTableViewCell.xib */; };
		76D1334B2AFDDB920056CC4A /* UIImageExtension.swift in Sources */ = {isa = PBXBuildFile; fileRef = 76D1334A2AFDDB920056CC4A /* UIImageExtension.swift */; };
		76D1334E2AFDE15C0056CC4A /* OtherNotificationTableViewCell.swift in Sources */ = {isa = PBXBuildFile; fileRef = 76D1334C2AFDE15C0056CC4A /* OtherNotificationTableViewCell.swift */; };
		76D1334F2AFDE15C0056CC4A /* OtherNotificationTableViewCell.xib in Resources */ = {isa = PBXBuildFile; fileRef = 76D1334D2AFDE15C0056CC4A /* OtherNotificationTableViewCell.xib */; };
		820DB4352AE212FE00CB1138 /* AppInforViewController.swift in Sources */ = {isa = PBXBuildFile; fileRef = 820DB4332AE212FE00CB1138 /* AppInforViewController.swift */; };
		820DB4362AE212FE00CB1138 /* AppInforViewController.xib in Resources */ = {isa = PBXBuildFile; fileRef = 820DB4342AE212FE00CB1138 /* AppInforViewController.xib */; };
		820DB43A2AE2191700CB1138 /* AppInforTableViewCell.swift in Sources */ = {isa = PBXBuildFile; fileRef = 820DB4382AE2191700CB1138 /* AppInforTableViewCell.swift */; };
		820DB43B2AE2191700CB1138 /* AppInforTableViewCell.xib in Resources */ = {isa = PBXBuildFile; fileRef = 820DB4392AE2191700CB1138 /* AppInforTableViewCell.xib */; };
		820DB43D2AE21B1700CB1138 /* AppInforEntity.swift in Sources */ = {isa = PBXBuildFile; fileRef = 820DB43C2AE21B1700CB1138 /* AppInforEntity.swift */; };
		82162E112AF28CA000C3EACC /* SettingsView.swift in Sources */ = {isa = PBXBuildFile; fileRef = 82162E102AF28CA000C3EACC /* SettingsView.swift */; };
		82162E152AF28D6B00C3EACC /* SettingsView.xib in Resources */ = {isa = PBXBuildFile; fileRef = 82162E142AF28D6B00C3EACC /* SettingsView.xib */; };
		82162E192AF93A7300C3EACC /* PageControlCollectionViewCell.swift in Sources */ = {isa = PBXBuildFile; fileRef = 82162E172AF93A7300C3EACC /* PageControlCollectionViewCell.swift */; };
		82162E1A2AF93A7300C3EACC /* PageControlCollectionViewCell.xib in Resources */ = {isa = PBXBuildFile; fileRef = 82162E182AF93A7300C3EACC /* PageControlCollectionViewCell.xib */; };
		821C890E2AD6C144006DE8F2 /* HomeViewController.swift in Sources */ = {isa = PBXBuildFile; fileRef = 821C890C2AD6C144006DE8F2 /* HomeViewController.swift */; };
		821C890F2AD6C144006DE8F2 /* HomeViewController.xib in Resources */ = {isa = PBXBuildFile; fileRef = 821C890D2AD6C144006DE8F2 /* HomeViewController.xib */; };
		821C89162AD6C5E6006DE8F2 /* LoginTableViewCell.swift in Sources */ = {isa = PBXBuildFile; fileRef = 821C89142AD6C5E6006DE8F2 /* LoginTableViewCell.swift */; };
		821C89172AD6C5E6006DE8F2 /* LoginTableViewCell.xib in Resources */ = {isa = PBXBuildFile; fileRef = 821C89152AD6C5E6006DE8F2 /* LoginTableViewCell.xib */; };
		821C891A2AD6C5FC006DE8F2 /* OptionsTableViewCell.swift in Sources */ = {isa = PBXBuildFile; fileRef = 821C89182AD6C5FC006DE8F2 /* OptionsTableViewCell.swift */; };
		821C891B2AD6C5FC006DE8F2 /* OptionsTableViewCell.xib in Resources */ = {isa = PBXBuildFile; fileRef = 821C89192AD6C5FC006DE8F2 /* OptionsTableViewCell.xib */; };
		821C891E2AD6C60A006DE8F2 /* PageVCTableViewCell.swift in Sources */ = {isa = PBXBuildFile; fileRef = 821C891C2AD6C60A006DE8F2 /* PageVCTableViewCell.swift */; };
		821C891F2AD6C60A006DE8F2 /* PageVCTableViewCell.xib in Resources */ = {isa = PBXBuildFile; fileRef = 821C891D2AD6C60A006DE8F2 /* PageVCTableViewCell.xib */; };
		821C89232AD6D37C006DE8F2 /* AccountInforTableViewCell.swift in Sources */ = {isa = PBXBuildFile; fileRef = 821C89212AD6D37C006DE8F2 /* AccountInforTableViewCell.swift */; };
		821C89242AD6D37C006DE8F2 /* AccountInforTableViewCell.xib in Resources */ = {isa = PBXBuildFile; fileRef = 821C89222AD6D37C006DE8F2 /* AccountInforTableViewCell.xib */; };
		821C89272AD6EC80006DE8F2 /* HomeEntity.swift in Sources */ = {isa = PBXBuildFile; fileRef = 821C89262AD6EC80006DE8F2 /* HomeEntity.swift */; };
		821C892B2AD6EE25006DE8F2 /* HomeCustomCollectionViewCell.swift in Sources */ = {isa = PBXBuildFile; fileRef = 821C89292AD6EE25006DE8F2 /* HomeCustomCollectionViewCell.swift */; };
		821C892C2AD6EE25006DE8F2 /* HomeCustomCollectionViewCell.xib in Resources */ = {isa = PBXBuildFile; fileRef = 821C892A2AD6EE25006DE8F2 /* HomeCustomCollectionViewCell.xib */; };
		82C4BB1B2AFA7838003D4F3B /* AccountInforViewController.swift in Sources */ = {isa = PBXBuildFile; fileRef = 82C4BB192AFA7838003D4F3B /* AccountInforViewController.swift */; };
		82C4BB1C2AFA7838003D4F3B /* AccountInforViewController.xib in Resources */ = {isa = PBXBuildFile; fileRef = 82C4BB1A2AFA7838003D4F3B /* AccountInforViewController.xib */; };
		82EAA0DC2AD8E9E60076C059 /* SettingsCollectionViewCell.swift in Sources */ = {isa = PBXBuildFile; fileRef = 82EAA0DA2AD8E9E60076C059 /* SettingsCollectionViewCell.swift */; };
		82EAA0DD2AD8E9E60076C059 /* SettingsCollectionViewCell.xib in Resources */ = {isa = PBXBuildFile; fileRef = 82EAA0DB2AD8E9E60076C059 /* SettingsCollectionViewCell.xib */; };
		82EAA0E12ADD7A150076C059 /* TransferViewController.swift in Sources */ = {isa = PBXBuildFile; fileRef = 82EAA0DF2ADD7A150076C059 /* TransferViewController.swift */; };
		82EAA0E22ADD7A150076C059 /* TransferViewController.xib in Resources */ = {isa = PBXBuildFile; fileRef = 82EAA0E02ADD7A150076C059 /* TransferViewController.xib */; };
		82EAA0E62ADD7D040076C059 /* TransferCollectionViewCell.swift in Sources */ = {isa = PBXBuildFile; fileRef = 82EAA0E42ADD7D040076C059 /* TransferCollectionViewCell.swift */; };
		82EAA0E72ADD7D040076C059 /* TransferCollectionViewCell.xib in Resources */ = {isa = PBXBuildFile; fileRef = 82EAA0E52ADD7D040076C059 /* TransferCollectionViewCell.xib */; };
		82EAA0EA2ADD8AA30076C059 /* TransferTableViewCell.swift in Sources */ = {isa = PBXBuildFile; fileRef = 82EAA0E82ADD8AA30076C059 /* TransferTableViewCell.swift */; };
		82EAA0EB2ADD8AA30076C059 /* TransferTableViewCell.xib in Resources */ = {isa = PBXBuildFile; fileRef = 82EAA0E92ADD8AA30076C059 /* TransferTableViewCell.xib */; };
		82EAA0F42AE172260076C059 /* CardServiceViewController.swift in Sources */ = {isa = PBXBuildFile; fileRef = 82EAA0F22AE172260076C059 /* CardServiceViewController.swift */; };
		82EAA0F52AE172260076C059 /* CardServiceViewController.xib in Resources */ = {isa = PBXBuildFile; fileRef = 82EAA0F32AE172260076C059 /* CardServiceViewController.xib */; };
		E2D43FF08D67C6F4829077AC /* Pods_agribank_clone_app.framework in Frameworks */ = {isa = PBXBuildFile; fileRef = EEAE2A58FD9C081ABEBFF13B /* Pods_agribank_clone_app.framework */; };
/* End PBXBuildFile section */

/* Begin PBXFileReference section */
		471E5ED62AFB1CA600BB0278 /* CreateAccountViewController.swift */ = {isa = PBXFileReference; lastKnownFileType = sourcecode.swift; path = CreateAccountViewController.swift; sourceTree = "<group>"; };
		471E5ED72AFB1CA600BB0278 /* CreateAccountViewController.xib */ = {isa = PBXFileReference; lastKnownFileType = file.xib; path = CreateAccountViewController.xib; sourceTree = "<group>"; };
		471E5EDA2AFB1ECE00BB0278 /* CommonUtils.swift */ = {isa = PBXFileReference; fileEncoding = 4; lastKnownFileType = sourcecode.swift; path = CommonUtils.swift; sourceTree = "<group>"; };
		471E5EDB2AFB1ECE00BB0278 /* Constant.swift */ = {isa = PBXFileReference; fileEncoding = 4; lastKnownFileType = sourcecode.swift; path = Constant.swift; sourceTree = "<group>"; };
		471E5EDC2AFB1ECE00BB0278 /* Storage.swift */ = {isa = PBXFileReference; fileEncoding = 4; lastKnownFileType = sourcecode.swift; path = Storage.swift; sourceTree = "<group>"; };
		471E5EE02AFB1F4600BB0278 /* AccountModel.swift */ = {isa = PBXFileReference; lastKnownFileType = sourcecode.swift; path = AccountModel.swift; sourceTree = "<group>"; };
		473A5DF52AD50F9300A34CE5 /* agribank_clone_app-Bridging-Header.h */ = {isa = PBXFileReference; lastKnownFileType = sourcecode.c.h; path = "agribank_clone_app-Bridging-Header.h"; sourceTree = "<group>"; };
		473A5DF62AD50F9400A34CE5 /* TPKeyboardAvoidingScrollView.h */ = {isa = PBXFileReference; fileEncoding = 4; lastKnownFileType = sourcecode.c.h; path = TPKeyboardAvoidingScrollView.h; sourceTree = "<group>"; };
		473A5DF72AD50F9400A34CE5 /* TPKeyboardAvoidingTableView.m */ = {isa = PBXFileReference; fileEncoding = 4; lastKnownFileType = sourcecode.c.objc; path = TPKeyboardAvoidingTableView.m; sourceTree = "<group>"; };
		473A5DF82AD50F9400A34CE5 /* UIScrollView+TPKeyboardAvoidingAdditions.h */ = {isa = PBXFileReference; fileEncoding = 4; lastKnownFileType = sourcecode.c.h; path = "UIScrollView+TPKeyboardAvoidingAdditions.h"; sourceTree = "<group>"; };
		473A5DF92AD50F9400A34CE5 /* TPKeyboardAvoidingCollectionView.h */ = {isa = PBXFileReference; fileEncoding = 4; lastKnownFileType = sourcecode.c.h; path = TPKeyboardAvoidingCollectionView.h; sourceTree = "<group>"; };
		473A5DFA2AD50F9400A34CE5 /* TPKeyboardAvoidingScrollView.m */ = {isa = PBXFileReference; fileEncoding = 4; lastKnownFileType = sourcecode.c.objc; path = TPKeyboardAvoidingScrollView.m; sourceTree = "<group>"; };
		473A5DFB2AD50F9400A34CE5 /* TPKeyboardAvoidingTableView.h */ = {isa = PBXFileReference; fileEncoding = 4; lastKnownFileType = sourcecode.c.h; path = TPKeyboardAvoidingTableView.h; sourceTree = "<group>"; };
		473A5DFC2AD50F9400A34CE5 /* TPKeyboardAvoidingCollectionView.m */ = {isa = PBXFileReference; fileEncoding = 4; lastKnownFileType = sourcecode.c.objc; path = TPKeyboardAvoidingCollectionView.m; sourceTree = "<group>"; };
		473A5DFD2AD50F9400A34CE5 /* UIScrollView+TPKeyboardAvoidingAdditions.m */ = {isa = PBXFileReference; fileEncoding = 4; lastKnownFileType = sourcecode.c.objc; path = "UIScrollView+TPKeyboardAvoidingAdditions.m"; sourceTree = "<group>"; };
		473A5DFE2AD50F9400A34CE5 /* vssid_app_clone-Bridging-Header.h */ = {isa = PBXFileReference; fileEncoding = 4; lastKnownFileType = sourcecode.c.h; path = "vssid_app_clone-Bridging-Header.h"; sourceTree = "<group>"; };
		473A5E042AD50FB800A34CE5 /* UIColorExtension.swift */ = {isa = PBXFileReference; fileEncoding = 4; lastKnownFileType = sourcecode.swift; path = UIColorExtension.swift; sourceTree = "<group>"; };
		473A5E052AD50FB800A34CE5 /* UIViewControllerExtension.swift */ = {isa = PBXFileReference; fileEncoding = 4; lastKnownFileType = sourcecode.swift; path = UIViewControllerExtension.swift; sourceTree = "<group>"; };
		473A5E062AD50FB800A34CE5 /* UIViewExtension.swift */ = {isa = PBXFileReference; fileEncoding = 4; lastKnownFileType = sourcecode.swift; path = UIViewExtension.swift; sourceTree = "<group>"; };
		473A5E0B2AD50FF100A34CE5 /* AppNavigator.swift */ = {isa = PBXFileReference; fileEncoding = 4; lastKnownFileType = sourcecode.swift; path = AppNavigator.swift; sourceTree = "<group>"; };
		4741B75F2AD4FA49006B6264 /* agribank_clone_app.app */ = {isa = PBXFileReference; explicitFileType = wrapper.application; includeInIndex = 0; path = agribank_clone_app.app; sourceTree = BUILT_PRODUCTS_DIR; };
		4741B7622AD4FA49006B6264 /* AppDelegate.swift */ = {isa = PBXFileReference; lastKnownFileType = sourcecode.swift; path = AppDelegate.swift; sourceTree = "<group>"; };
		4741B7662AD4FA49006B6264 /* ViewController.swift */ = {isa = PBXFileReference; lastKnownFileType = sourcecode.swift; path = ViewController.swift; sourceTree = "<group>"; };
		4741B7692AD4FA49006B6264 /* Base */ = {isa = PBXFileReference; lastKnownFileType = file.storyboard; name = Base; path = Base.lproj/Main.storyboard; sourceTree = "<group>"; };
		4741B76B2AD4FA4B006B6264 /* Assets.xcassets */ = {isa = PBXFileReference; lastKnownFileType = folder.assetcatalog; path = Assets.xcassets; sourceTree = "<group>"; };
		4741B76E2AD4FA4B006B6264 /* Base */ = {isa = PBXFileReference; lastKnownFileType = file.storyboard; name = Base; path = Base.lproj/LaunchScreen.storyboard; sourceTree = "<group>"; };
		4741B7702AD4FA4B006B6264 /* Info.plist */ = {isa = PBXFileReference; lastKnownFileType = text.plist.xml; path = Info.plist; sourceTree = "<group>"; };
		475F06D72AF231350055D405 /* BaseViewController.swift */ = {isa = PBXFileReference; lastKnownFileType = sourcecode.swift; path = BaseViewController.swift; sourceTree = "<group>"; };
		47854F792AFC93C600472D88 /* SearchFeatureViewController.swift */ = {isa = PBXFileReference; lastKnownFileType = sourcecode.swift; path = SearchFeatureViewController.swift; sourceTree = "<group>"; };
		47854F7A2AFC93C600472D88 /* SearchFeatureViewController.xib */ = {isa = PBXFileReference; lastKnownFileType = file.xib; path = SearchFeatureViewController.xib; sourceTree = "<group>"; };
		47854F7E2AFC952900472D88 /* SearchFeatureCollectionViewCell.swift */ = {isa = PBXFileReference; lastKnownFileType = sourcecode.swift; path = SearchFeatureCollectionViewCell.swift; sourceTree = "<group>"; };
		47854F7F2AFC952900472D88 /* SearchFeatureCollectionViewCell.xib */ = {isa = PBXFileReference; lastKnownFileType = file.xib; path = SearchFeatureCollectionViewCell.xib; sourceTree = "<group>"; };
		47854F842AFC9DDE00472D88 /* SuggestHeader.swift */ = {isa = PBXFileReference; lastKnownFileType = sourcecode.swift; path = SuggestHeader.swift; sourceTree = "<group>"; };
		47854F852AFC9DDE00472D88 /* SuggestHeader.xib */ = {isa = PBXFileReference; lastKnownFileType = file.xib; path = SuggestHeader.xib; sourceTree = "<group>"; };
		47854F882AFC9DF800472D88 /* SuggestFooter.swift */ = {isa = PBXFileReference; lastKnownFileType = sourcecode.swift; path = SuggestFooter.swift; sourceTree = "<group>"; };
		47854F892AFC9DF800472D88 /* SuggestFooter.xib */ = {isa = PBXFileReference; lastKnownFileType = file.xib; path = SuggestFooter.xib; sourceTree = "<group>"; };
		4795E9A82AF010D000EFE78A /* TabbarViewController.swift */ = {isa = PBXFileReference; lastKnownFileType = sourcecode.swift; path = TabbarViewController.swift; sourceTree = "<group>"; };
		479DDABD2AF634D300BF3416 /* CommonEnum.swift */ = {isa = PBXFileReference; lastKnownFileType = sourcecode.swift; path = CommonEnum.swift; sourceTree = "<group>"; };
		47BD89952AD4FFFC0004D093 /* SFProDisplay-BoldItalic.otf */ = {isa = PBXFileReference; lastKnownFileType = file; path = "SFProDisplay-BoldItalic.otf"; sourceTree = "<group>"; };
		47BD89962AD4FFFC0004D093 /* SFCompactDisplay-Heavy.otf */ = {isa = PBXFileReference; lastKnownFileType = file; path = "SFCompactDisplay-Heavy.otf"; sourceTree = "<group>"; };
		47BD89972AD4FFFC0004D093 /* SF-UI-Display-Regular.otf */ = {isa = PBXFileReference; lastKnownFileType = file; path = "SF-UI-Display-Regular.otf"; sourceTree = "<group>"; };
		47BD89982AD4FFFC0004D093 /* SFCompactDisplay-Medium.otf */ = {isa = PBXFileReference; lastKnownFileType = file; path = "SFCompactDisplay-Medium.otf"; sourceTree = "<group>"; };
		47BD89992AD4FFFC0004D093 /* SFProDisplay-Semibold.otf */ = {isa = PBXFileReference; lastKnownFileType = file; path = "SFProDisplay-Semibold.otf"; sourceTree = "<group>"; };
		47BD899A2AD4FFFC0004D093 /* SFCompactDisplay-Bold.otf */ = {isa = PBXFileReference; lastKnownFileType = file; path = "SFCompactDisplay-Bold.otf"; sourceTree = "<group>"; };
		47BD899B2AD4FFFC0004D093 /* SFProDisplay-Medium.otf */ = {isa = PBXFileReference; lastKnownFileType = file; path = "SFProDisplay-Medium.otf"; sourceTree = "<group>"; };
		47BD899C2AD4FFFC0004D093 /* SFProDisplay-Thin.otf */ = {isa = PBXFileReference; lastKnownFileType = file; path = "SFProDisplay-Thin.otf"; sourceTree = "<group>"; };
		47BD899D2AD4FFFC0004D093 /* SF-Pro-Display-Semibold.otf */ = {isa = PBXFileReference; lastKnownFileType = file; path = "SF-Pro-Display-Semibold.otf"; sourceTree = "<group>"; };
		47BD899E2AD4FFFC0004D093 /* SFCompactDisplay-Thin.otf */ = {isa = PBXFileReference; lastKnownFileType = file; path = "SFCompactDisplay-Thin.otf"; sourceTree = "<group>"; };
		47BD899F2AD4FFFC0004D093 /* SFProDisplay-BlackItalic.otf */ = {isa = PBXFileReference; lastKnownFileType = file; path = "SFProDisplay-BlackItalic.otf"; sourceTree = "<group>"; };
		47BD89A02AD4FFFC0004D093 /* SFCompactDisplay-Light.otf */ = {isa = PBXFileReference; lastKnownFileType = file; path = "SFCompactDisplay-Light.otf"; sourceTree = "<group>"; };
		47BD89A12AD4FFFC0004D093 /* SFProDisplay-SemiboldItalic.otf */ = {isa = PBXFileReference; lastKnownFileType = file; path = "SFProDisplay-SemiboldItalic.otf"; sourceTree = "<group>"; };
		47BD89A22AD4FFFC0004D093 /* SF-Pro-Display-Medium.otf */ = {isa = PBXFileReference; lastKnownFileType = file; path = "SF-Pro-Display-Medium.otf"; sourceTree = "<group>"; };
		47BD89A32AD4FFFC0004D093 /* SF-UI-Display-Medium.otf */ = {isa = PBXFileReference; lastKnownFileType = file; path = "SF-UI-Display-Medium.otf"; sourceTree = "<group>"; };
		47BD89A42AD4FFFC0004D093 /* SFProDisplay-RegularItalic.otf */ = {isa = PBXFileReference; lastKnownFileType = file; path = "SFProDisplay-RegularItalic.otf"; sourceTree = "<group>"; };
		47BD89A52AD4FFFC0004D093 /* SFProDisplay-Ultralight.otf */ = {isa = PBXFileReference; lastKnownFileType = file; path = "SFProDisplay-Ultralight.otf"; sourceTree = "<group>"; };
		47BD89A62AD4FFFC0004D093 /* SFCompactDisplay-Regular.otf */ = {isa = PBXFileReference; lastKnownFileType = file; path = "SFCompactDisplay-Regular.otf"; sourceTree = "<group>"; };
		47BD89A72AD4FFFC0004D093 /* SF-Pro-Display-Regular.otf */ = {isa = PBXFileReference; lastKnownFileType = file; path = "SF-Pro-Display-Regular.otf"; sourceTree = "<group>"; };
		47BD89A82AD4FFFC0004D093 /* SFProDisplay-Heavy.otf */ = {isa = PBXFileReference; lastKnownFileType = file; path = "SFProDisplay-Heavy.otf"; sourceTree = "<group>"; };
		47BD89A92AD4FFFC0004D093 /* SFCompactDisplay-Ultralight.otf */ = {isa = PBXFileReference; lastKnownFileType = file; path = "SFCompactDisplay-Ultralight.otf"; sourceTree = "<group>"; };
		47BD89AA2AD4FFFC0004D093 /* SFProDisplay-HeavyItalic.otf */ = {isa = PBXFileReference; lastKnownFileType = file; path = "SFProDisplay-HeavyItalic.otf"; sourceTree = "<group>"; };
		47BD89AB2AD4FFFC0004D093 /* SFCompactDisplay-Semibold.otf */ = {isa = PBXFileReference; lastKnownFileType = file; path = "SFCompactDisplay-Semibold.otf"; sourceTree = "<group>"; };
		47BD89AC2AD4FFFC0004D093 /* SFProDisplay-Black.otf */ = {isa = PBXFileReference; lastKnownFileType = file; path = "SFProDisplay-Black.otf"; sourceTree = "<group>"; };
		47BD89AD2AD4FFFC0004D093 /* SFProDisplay-Bold.otf */ = {isa = PBXFileReference; lastKnownFileType = file; path = "SFProDisplay-Bold.otf"; sourceTree = "<group>"; };
		47BD89AE2AD4FFFC0004D093 /* SnellRoundhand-Black.ttf */ = {isa = PBXFileReference; lastKnownFileType = file; path = "SnellRoundhand-Black.ttf"; sourceTree = "<group>"; };
		47BD89AF2AD4FFFC0004D093 /* SFProDisplay-Light.otf */ = {isa = PBXFileReference; lastKnownFileType = file; path = "SFProDisplay-Light.otf"; sourceTree = "<group>"; };
		47BD89B02AD4FFFC0004D093 /* SnellRoundhand-Bold.ttf */ = {isa = PBXFileReference; lastKnownFileType = file; path = "SnellRoundhand-Bold.ttf"; sourceTree = "<group>"; };
		47BD89B12AD4FFFC0004D093 /* SFCompactDisplay-Black.otf */ = {isa = PBXFileReference; lastKnownFileType = file; path = "SFCompactDisplay-Black.otf"; sourceTree = "<group>"; };
		47BD89B22AD4FFFD0004D093 /* SF-Pro-Display-LightItalic.otf */ = {isa = PBXFileReference; lastKnownFileType = file; path = "SF-Pro-Display-LightItalic.otf"; sourceTree = "<group>"; };
		47BD89B32AD4FFFD0004D093 /* SFProDisplay-LightItalic.otf */ = {isa = PBXFileReference; lastKnownFileType = file; path = "SFProDisplay-LightItalic.otf"; sourceTree = "<group>"; };
		47BD89B42AD4FFFD0004D093 /* SnellRoundhand.ttf */ = {isa = PBXFileReference; lastKnownFileType = file; path = SnellRoundhand.ttf; sourceTree = "<group>"; };
		47BD89B52AD4FFFD0004D093 /* SFProDisplay-Regular.otf */ = {isa = PBXFileReference; lastKnownFileType = file; path = "SFProDisplay-Regular.otf"; sourceTree = "<group>"; };
		47BD89B62AD4FFFD0004D093 /* SFProDisplay-ThinItalic.otf */ = {isa = PBXFileReference; lastKnownFileType = file; path = "SFProDisplay-ThinItalic.otf"; sourceTree = "<group>"; };
		47BD89B72AD4FFFD0004D093 /* SFProDisplay-MediumItalic.otf */ = {isa = PBXFileReference; lastKnownFileType = file; path = "SFProDisplay-MediumItalic.otf"; sourceTree = "<group>"; };
		47BD89B82AD4FFFD0004D093 /* SFProDisplay-UltralightItalic.otf */ = {isa = PBXFileReference; lastKnownFileType = file; path = "SFProDisplay-UltralightItalic.otf"; sourceTree = "<group>"; };
		47BD89B92AD4FFFD0004D093 /* SF-UI-Display-Bold.otf */ = {isa = PBXFileReference; lastKnownFileType = file; path = "SF-UI-Display-Bold.otf"; sourceTree = "<group>"; };
		47BD89BA2AD4FFFD0004D093 /* SF-Pro-Display-Bold.otf */ = {isa = PBXFileReference; lastKnownFileType = file; path = "SF-Pro-Display-Bold.otf"; sourceTree = "<group>"; };
		47BD89BC2AD509730004D093 /* bus_animation.json */ = {isa = PBXFileReference; fileEncoding = 4; lastKnownFileType = text.json; path = bus_animation.json; sourceTree = "<group>"; };
		47BD89BE2AD5097E0004D093 /* dataNewYear6.json */ = {isa = PBXFileReference; fileEncoding = 4; lastKnownFileType = text.json; path = dataNewYear6.json; sourceTree = "<group>"; };
		47BD89C02AD509850004D093 /* delivery_animation.json */ = {isa = PBXFileReference; fileEncoding = 4; lastKnownFileType = text.json; path = delivery_animation.json; sourceTree = "<group>"; };
		47BD89C32AD509F50004D093 /* notify.mp3 */ = {isa = PBXFileReference; lastKnownFileType = audio.mp3; path = notify.mp3; sourceTree = "<group>"; };
		47BD89C52AD50AAD0004D093 /* train_animation.json */ = {isa = PBXFileReference; fileEncoding = 4; lastKnownFileType = text.json; path = train_animation.json; sourceTree = "<group>"; };
		47BD89C62AD50AAD0004D093 /* FlightAnimation.json */ = {isa = PBXFileReference; fileEncoding = 4; lastKnownFileType = text.json; path = FlightAnimation.json; sourceTree = "<group>"; };
		47BD89C72AD50AAD0004D093 /* icon_vnshop.json */ = {isa = PBXFileReference; fileEncoding = 4; lastKnownFileType = text.json; path = icon_vnshop.json; sourceTree = "<group>"; };
		47BD89C82AD50AAD0004D093 /* flower_animation.json */ = {isa = PBXFileReference; fileEncoding = 4; lastKnownFileType = text.json; path = flower_animation.json; sourceTree = "<group>"; };
		47BD89C92AD50AAD0004D093 /* hotel_animation.json */ = {isa = PBXFileReference; fileEncoding = 4; lastKnownFileType = text.json; path = hotel_animation.json; sourceTree = "<group>"; };
		47BD89CA2AD50AAD0004D093 /* loading.json */ = {isa = PBXFileReference; fileEncoding = 4; lastKnownFileType = text.json; path = loading.json; sourceTree = "<group>"; };
		47BD89CB2AD50AAD0004D093 /* golf_animation.json */ = {isa = PBXFileReference; fileEncoding = 4; lastKnownFileType = text.json; path = golf_animation.json; sourceTree = "<group>"; };
		47BD89CC2AD50AAD0004D093 /* taxi_animation.json */ = {isa = PBXFileReference; fileEncoding = 4; lastKnownFileType = text.json; path = taxi_animation.json; sourceTree = "<group>"; };
		47BD89CD2AD50AAD0004D093 /* TaxiAnimation.json */ = {isa = PBXFileReference; fileEncoding = 4; lastKnownFileType = text.json; path = TaxiAnimation.json; sourceTree = "<group>"; };
		47DA8E232AFB6B4200498E91 /* IntExtension.swift */ = {isa = PBXFileReference; lastKnownFileType = sourcecode.swift; path = IntExtension.swift; sourceTree = "<group>"; };
		47DA8E262AFB6FCE00498E91 /* DetailAccountInforViewController.swift */ = {isa = PBXFileReference; lastKnownFileType = sourcecode.swift; path = DetailAccountInforViewController.swift; sourceTree = "<group>"; };
		47DA8E272AFB6FCE00498E91 /* DetailAccountInforViewController.xib */ = {isa = PBXFileReference; lastKnownFileType = file.xib; path = DetailAccountInforViewController.xib; sourceTree = "<group>"; };
		76D133382AFDD0920056CC4A /* NotificationViewController.swift */ = {isa = PBXFileReference; lastKnownFileType = sourcecode.swift; path = NotificationViewController.swift; sourceTree = "<group>"; };
		76D133392AFDD0920056CC4A /* NotificationViewController.xib */ = {isa = PBXFileReference; lastKnownFileType = file.xib; path = NotificationViewController.xib; sourceTree = "<group>"; };
		76D1333D2AFDD2320056CC4A /* BalanceNotificationModel.swift */ = {isa = PBXFileReference; lastKnownFileType = sourcecode.swift; path = BalanceNotificationModel.swift; sourceTree = "<group>"; };
		76D133402AFDD2970056CC4A /* BalanceNotificationTableViewCell.swift */ = {isa = PBXFileReference; lastKnownFileType = sourcecode.swift; path = BalanceNotificationTableViewCell.swift; sourceTree = "<group>"; };
		76D133412AFDD2970056CC4A /* BalanceNotificationTableViewCell.xib */ = {isa = PBXFileReference; lastKnownFileType = file.xib; path = BalanceNotificationTableViewCell.xib; sourceTree = "<group>"; };
		76D133452AFDD2A80056CC4A /* DealNotificationTableViewCell.swift */ = {isa = PBXFileReference; lastKnownFileType = sourcecode.swift; path = DealNotificationTableViewCell.swift; sourceTree = "<group>"; };
		76D133462AFDD2A80056CC4A /* DealNotificationTableViewCell.xib */ = {isa = PBXFileReference; lastKnownFileType = file.xib; path = DealNotificationTableViewCell.xib; sourceTree = "<group>"; };
		76D1334A2AFDDB920056CC4A /* UIImageExtension.swift */ = {isa = PBXFileReference; lastKnownFileType = sourcecode.swift; path = UIImageExtension.swift; sourceTree = "<group>"; };
		76D1334C2AFDE15C0056CC4A /* OtherNotificationTableViewCell.swift */ = {isa = PBXFileReference; lastKnownFileType = sourcecode.swift; path = OtherNotificationTableViewCell.swift; sourceTree = "<group>"; };
		76D1334D2AFDE15C0056CC4A /* OtherNotificationTableViewCell.xib */ = {isa = PBXFileReference; lastKnownFileType = file.xib; path = OtherNotificationTableViewCell.xib; sourceTree = "<group>"; };
		820DB4332AE212FE00CB1138 /* AppInforViewController.swift */ = {isa = PBXFileReference; lastKnownFileType = sourcecode.swift; path = AppInforViewController.swift; sourceTree = "<group>"; };
		820DB4342AE212FE00CB1138 /* AppInforViewController.xib */ = {isa = PBXFileReference; lastKnownFileType = file.xib; path = AppInforViewController.xib; sourceTree = "<group>"; };
		820DB4382AE2191700CB1138 /* AppInforTableViewCell.swift */ = {isa = PBXFileReference; lastKnownFileType = sourcecode.swift; path = AppInforTableViewCell.swift; sourceTree = "<group>"; };
		820DB4392AE2191700CB1138 /* AppInforTableViewCell.xib */ = {isa = PBXFileReference; lastKnownFileType = file.xib; path = AppInforTableViewCell.xib; sourceTree = "<group>"; };
		820DB43C2AE21B1700CB1138 /* AppInforEntity.swift */ = {isa = PBXFileReference; lastKnownFileType = sourcecode.swift; path = AppInforEntity.swift; sourceTree = "<group>"; };
		82162E102AF28CA000C3EACC /* SettingsView.swift */ = {isa = PBXFileReference; lastKnownFileType = sourcecode.swift; path = SettingsView.swift; sourceTree = "<group>"; };
		82162E142AF28D6B00C3EACC /* SettingsView.xib */ = {isa = PBXFileReference; lastKnownFileType = file.xib; path = SettingsView.xib; sourceTree = "<group>"; };
		82162E172AF93A7300C3EACC /* PageControlCollectionViewCell.swift */ = {isa = PBXFileReference; lastKnownFileType = sourcecode.swift; path = PageControlCollectionViewCell.swift; sourceTree = "<group>"; };
		82162E182AF93A7300C3EACC /* PageControlCollectionViewCell.xib */ = {isa = PBXFileReference; lastKnownFileType = file.xib; path = PageControlCollectionViewCell.xib; sourceTree = "<group>"; };
		821C890C2AD6C144006DE8F2 /* HomeViewController.swift */ = {isa = PBXFileReference; lastKnownFileType = sourcecode.swift; path = HomeViewController.swift; sourceTree = "<group>"; };
		821C890D2AD6C144006DE8F2 /* HomeViewController.xib */ = {isa = PBXFileReference; lastKnownFileType = file.xib; path = HomeViewController.xib; sourceTree = "<group>"; };
		821C89142AD6C5E6006DE8F2 /* LoginTableViewCell.swift */ = {isa = PBXFileReference; lastKnownFileType = sourcecode.swift; path = LoginTableViewCell.swift; sourceTree = "<group>"; };
		821C89152AD6C5E6006DE8F2 /* LoginTableViewCell.xib */ = {isa = PBXFileReference; lastKnownFileType = file.xib; path = LoginTableViewCell.xib; sourceTree = "<group>"; };
		821C89182AD6C5FC006DE8F2 /* OptionsTableViewCell.swift */ = {isa = PBXFileReference; lastKnownFileType = sourcecode.swift; path = OptionsTableViewCell.swift; sourceTree = "<group>"; };
		821C89192AD6C5FC006DE8F2 /* OptionsTableViewCell.xib */ = {isa = PBXFileReference; lastKnownFileType = file.xib; path = OptionsTableViewCell.xib; sourceTree = "<group>"; };
		821C891C2AD6C60A006DE8F2 /* PageVCTableViewCell.swift */ = {isa = PBXFileReference; lastKnownFileType = sourcecode.swift; path = PageVCTableViewCell.swift; sourceTree = "<group>"; };
		821C891D2AD6C60A006DE8F2 /* PageVCTableViewCell.xib */ = {isa = PBXFileReference; lastKnownFileType = file.xib; path = PageVCTableViewCell.xib; sourceTree = "<group>"; };
		821C89212AD6D37C006DE8F2 /* AccountInforTableViewCell.swift */ = {isa = PBXFileReference; lastKnownFileType = sourcecode.swift; path = AccountInforTableViewCell.swift; sourceTree = "<group>"; };
		821C89222AD6D37C006DE8F2 /* AccountInforTableViewCell.xib */ = {isa = PBXFileReference; lastKnownFileType = file.xib; path = AccountInforTableViewCell.xib; sourceTree = "<group>"; };
		821C89262AD6EC80006DE8F2 /* HomeEntity.swift */ = {isa = PBXFileReference; lastKnownFileType = sourcecode.swift; path = HomeEntity.swift; sourceTree = "<group>"; };
		821C89292AD6EE25006DE8F2 /* HomeCustomCollectionViewCell.swift */ = {isa = PBXFileReference; lastKnownFileType = sourcecode.swift; path = HomeCustomCollectionViewCell.swift; sourceTree = "<group>"; };
		821C892A2AD6EE25006DE8F2 /* HomeCustomCollectionViewCell.xib */ = {isa = PBXFileReference; lastKnownFileType = file.xib; path = HomeCustomCollectionViewCell.xib; sourceTree = "<group>"; };
		82C4BB192AFA7838003D4F3B /* AccountInforViewController.swift */ = {isa = PBXFileReference; lastKnownFileType = sourcecode.swift; path = AccountInforViewController.swift; sourceTree = "<group>"; };
		82C4BB1A2AFA7838003D4F3B /* AccountInforViewController.xib */ = {isa = PBXFileReference; lastKnownFileType = file.xib; path = AccountInforViewController.xib; sourceTree = "<group>"; };
		82EAA0DA2AD8E9E60076C059 /* SettingsCollectionViewCell.swift */ = {isa = PBXFileReference; lastKnownFileType = sourcecode.swift; path = SettingsCollectionViewCell.swift; sourceTree = "<group>"; };
		82EAA0DB2AD8E9E60076C059 /* SettingsCollectionViewCell.xib */ = {isa = PBXFileReference; lastKnownFileType = file.xib; path = SettingsCollectionViewCell.xib; sourceTree = "<group>"; };
		82EAA0DF2ADD7A150076C059 /* TransferViewController.swift */ = {isa = PBXFileReference; lastKnownFileType = sourcecode.swift; path = TransferViewController.swift; sourceTree = "<group>"; };
		82EAA0E02ADD7A150076C059 /* TransferViewController.xib */ = {isa = PBXFileReference; lastKnownFileType = file.xib; path = TransferViewController.xib; sourceTree = "<group>"; };
		82EAA0E42ADD7D040076C059 /* TransferCollectionViewCell.swift */ = {isa = PBXFileReference; lastKnownFileType = sourcecode.swift; path = TransferCollectionViewCell.swift; sourceTree = "<group>"; };
		82EAA0E52ADD7D040076C059 /* TransferCollectionViewCell.xib */ = {isa = PBXFileReference; lastKnownFileType = file.xib; path = TransferCollectionViewCell.xib; sourceTree = "<group>"; };
		82EAA0E82ADD8AA30076C059 /* TransferTableViewCell.swift */ = {isa = PBXFileReference; lastKnownFileType = sourcecode.swift; path = TransferTableViewCell.swift; sourceTree = "<group>"; };
		82EAA0E92ADD8AA30076C059 /* TransferTableViewCell.xib */ = {isa = PBXFileReference; lastKnownFileType = file.xib; path = TransferTableViewCell.xib; sourceTree = "<group>"; };
		82EAA0F22AE172260076C059 /* CardServiceViewController.swift */ = {isa = PBXFileReference; lastKnownFileType = sourcecode.swift; path = CardServiceViewController.swift; sourceTree = "<group>"; };
		82EAA0F32AE172260076C059 /* CardServiceViewController.xib */ = {isa = PBXFileReference; lastKnownFileType = file.xib; path = CardServiceViewController.xib; sourceTree = "<group>"; };
		B539BDF6EE5528913002F3D8 /* Pods-agribank_clone_app.debug.xcconfig */ = {isa = PBXFileReference; includeInIndex = 1; lastKnownFileType = text.xcconfig; name = "Pods-agribank_clone_app.debug.xcconfig"; path = "Target Support Files/Pods-agribank_clone_app/Pods-agribank_clone_app.debug.xcconfig"; sourceTree = "<group>"; };
		EDF645DFFA077046CE5836A6 /* Pods-agribank_clone_app.release.xcconfig */ = {isa = PBXFileReference; includeInIndex = 1; lastKnownFileType = text.xcconfig; name = "Pods-agribank_clone_app.release.xcconfig"; path = "Target Support Files/Pods-agribank_clone_app/Pods-agribank_clone_app.release.xcconfig"; sourceTree = "<group>"; };
		EEAE2A58FD9C081ABEBFF13B /* Pods_agribank_clone_app.framework */ = {isa = PBXFileReference; explicitFileType = wrapper.framework; includeInIndex = 0; path = Pods_agribank_clone_app.framework; sourceTree = BUILT_PRODUCTS_DIR; };
/* End PBXFileReference section */

/* Begin PBXFrameworksBuildPhase section */
		4741B75C2AD4FA49006B6264 /* Frameworks */ = {
			isa = PBXFrameworksBuildPhase;
			buildActionMask = 2147483647;
			files = (
				E2D43FF08D67C6F4829077AC /* Pods_agribank_clone_app.framework in Frameworks */,
			);
			runOnlyForDeploymentPostprocessing = 0;
		};
/* End PBXFrameworksBuildPhase section */

/* Begin PBXGroup section */
		471E5ED52AFB1C8D00BB0278 /* CreateAccount */ = {
			isa = PBXGroup;
			children = (
				471E5ED62AFB1CA600BB0278 /* CreateAccountViewController.swift */,
				471E5ED72AFB1CA600BB0278 /* CreateAccountViewController.xib */,
			);
			path = CreateAccount;
			sourceTree = "<group>";
		};
		473A5DF42AD50F6500A34CE5 /* Library */ = {
			isa = PBXGroup;
			children = (
				473A5DF92AD50F9400A34CE5 /* TPKeyboardAvoidingCollectionView.h */,
				473A5DFC2AD50F9400A34CE5 /* TPKeyboardAvoidingCollectionView.m */,
				473A5DF62AD50F9400A34CE5 /* TPKeyboardAvoidingScrollView.h */,
				473A5DFA2AD50F9400A34CE5 /* TPKeyboardAvoidingScrollView.m */,
				473A5DFB2AD50F9400A34CE5 /* TPKeyboardAvoidingTableView.h */,
				473A5DF72AD50F9400A34CE5 /* TPKeyboardAvoidingTableView.m */,
				473A5DF82AD50F9400A34CE5 /* UIScrollView+TPKeyboardAvoidingAdditions.h */,
				473A5DFD2AD50F9400A34CE5 /* UIScrollView+TPKeyboardAvoidingAdditions.m */,
				473A5DFE2AD50F9400A34CE5 /* vssid_app_clone-Bridging-Header.h */,
				473A5DF52AD50F9300A34CE5 /* agribank_clone_app-Bridging-Header.h */,
			);
			path = Library;
			sourceTree = "<group>";
		};
		473A5E032AD50FB800A34CE5 /* Extension */ = {
			isa = PBXGroup;
			children = (
				473A5E042AD50FB800A34CE5 /* UIColorExtension.swift */,
				473A5E052AD50FB800A34CE5 /* UIViewControllerExtension.swift */,
				473A5E062AD50FB800A34CE5 /* UIViewExtension.swift */,
				47DA8E232AFB6B4200498E91 /* IntExtension.swift */,
				76D1334A2AFDDB920056CC4A /* UIImageExtension.swift */,
			);
			path = Extension;
			sourceTree = "<group>";
		};
		473A5E0A2AD50FE100A34CE5 /* View */ = {
			isa = PBXGroup;
			children = (
			);
			path = View;
			sourceTree = "<group>";
		};
		473A5E0D2AD5103600A34CE5 /* ViewController */ = {
			isa = PBXGroup;
			children = (
				76D133372AFDD0800056CC4A /* Notification */,
				47854F782AFC93B900472D88 /* SearchFeature */,
				47DA8E252AFB6FC100498E91 /* DetailAccountInfor */,
				471E5ED52AFB1C8D00BB0278 /* CreateAccount */,
				82C4BB172AFA780F003D4F3B /* AccountInfor */,
				4795E9A72AF010B400EFE78A /* Tabbar */,
				820DB4322AE212B500CB1138 /* AppInfor */,
				82EAA0F02AE171D60076C059 /* CardService */,
				82EAA0DE2ADD79B70076C059 /* Transfer */,
				82EAA0D42AD8D5330076C059 /* Settings */,
				821C890B2AD6C095006DE8F2 /* Home */,
			);
			path = ViewController;
			sourceTree = "<group>";
		};
		4741B7562AD4FA49006B6264 = {
			isa = PBXGroup;
			children = (
				4741B7612AD4FA49006B6264 /* agribank_clone_app */,
				4741B7602AD4FA49006B6264 /* Products */,
				B1F4FF24E74B636FB71976CA /* Pods */,
				85B47B5DEC69CEB4C762CF34 /* Frameworks */,
			);
			sourceTree = "<group>";
		};
		4741B7602AD4FA49006B6264 /* Products */ = {
			isa = PBXGroup;
			children = (
				4741B75F2AD4FA49006B6264 /* agribank_clone_app.app */,
			);
			name = Products;
			sourceTree = "<group>";
		};
		4741B7612AD4FA49006B6264 /* agribank_clone_app */ = {
			isa = PBXGroup;
			children = (
				479DDABC2AF634BE00BF3416 /* Common */,
				475F06D62AF231220055D405 /* Base */,
				821C89252AD6EC6C006DE8F2 /* Model */,
				473A5E032AD50FB800A34CE5 /* Extension */,
				473A5DF42AD50F6500A34CE5 /* Library */,
				47BD89BB2AD5096A0004D093 /* Animation */,
				473A5E0A2AD50FE100A34CE5 /* View */,
				47BD89942AD4FFA40004D093 /* Font */,
				473A5E0D2AD5103600A34CE5 /* ViewController */,
				4741B76B2AD4FA4B006B6264 /* Assets.xcassets */,
				4741B76D2AD4FA4B006B6264 /* LaunchScreen.storyboard */,
				4741B7702AD4FA4B006B6264 /* Info.plist */,
				47BD89C22AD509EA0004D093 /* SupportingFile */,
			);
			path = agribank_clone_app;
			sourceTree = "<group>";
		};
		475F06D62AF231220055D405 /* Base */ = {
			isa = PBXGroup;
			children = (
				475F06D72AF231350055D405 /* BaseViewController.swift */,
			);
			path = Base;
			sourceTree = "<group>";
		};
		47854F782AFC93B900472D88 /* SearchFeature */ = {
			isa = PBXGroup;
			children = (
				47854F832AFC9DAC00472D88 /* Footer */,
				47854F822AFC9DA700472D88 /* Header */,
				47854F7D2AFC950F00472D88 /* Cell */,
				47854F792AFC93C600472D88 /* SearchFeatureViewController.swift */,
				47854F7A2AFC93C600472D88 /* SearchFeatureViewController.xib */,
			);
			path = SearchFeature;
			sourceTree = "<group>";
		};
		47854F7D2AFC950F00472D88 /* Cell */ = {
			isa = PBXGroup;
			children = (
				47854F7E2AFC952900472D88 /* SearchFeatureCollectionViewCell.swift */,
				47854F7F2AFC952900472D88 /* SearchFeatureCollectionViewCell.xib */,
			);
			path = Cell;
			sourceTree = "<group>";
		};
		47854F822AFC9DA700472D88 /* Header */ = {
			isa = PBXGroup;
			children = (
				47854F842AFC9DDE00472D88 /* SuggestHeader.swift */,
				47854F852AFC9DDE00472D88 /* SuggestHeader.xib */,
			);
			path = Header;
			sourceTree = "<group>";
		};
		47854F832AFC9DAC00472D88 /* Footer */ = {
			isa = PBXGroup;
			children = (
				47854F882AFC9DF800472D88 /* SuggestFooter.swift */,
				47854F892AFC9DF800472D88 /* SuggestFooter.xib */,
			);
			path = Footer;
			sourceTree = "<group>";
		};
		4795E9A72AF010B400EFE78A /* Tabbar */ = {
			isa = PBXGroup;
			children = (
				4795E9A82AF010D000EFE78A /* TabbarViewController.swift */,
			);
			path = Tabbar;
			sourceTree = "<group>";
		};
		479DDABC2AF634BE00BF3416 /* Common */ = {
			isa = PBXGroup;
			children = (
				479DDABD2AF634D300BF3416 /* CommonEnum.swift */,
				471E5EDA2AFB1ECE00BB0278 /* CommonUtils.swift */,
				471E5EDB2AFB1ECE00BB0278 /* Constant.swift */,
				471E5EDC2AFB1ECE00BB0278 /* Storage.swift */,
			);
			path = Common;
			sourceTree = "<group>";
		};
		47BD89942AD4FFA40004D093 /* Font */ = {
			isa = PBXGroup;
			children = (
				47BD89BA2AD4FFFD0004D093 /* SF-Pro-Display-Bold.otf */,
				47BD89B22AD4FFFD0004D093 /* SF-Pro-Display-LightItalic.otf */,
				47BD89A22AD4FFFC0004D093 /* SF-Pro-Display-Medium.otf */,
				47BD89A72AD4FFFC0004D093 /* SF-Pro-Display-Regular.otf */,
				47BD899D2AD4FFFC0004D093 /* SF-Pro-Display-Semibold.otf */,
				47BD89B92AD4FFFD0004D093 /* SF-UI-Display-Bold.otf */,
				47BD89A32AD4FFFC0004D093 /* SF-UI-Display-Medium.otf */,
				47BD89972AD4FFFC0004D093 /* SF-UI-Display-Regular.otf */,
				47BD89B12AD4FFFC0004D093 /* SFCompactDisplay-Black.otf */,
				47BD899A2AD4FFFC0004D093 /* SFCompactDisplay-Bold.otf */,
				47BD89962AD4FFFC0004D093 /* SFCompactDisplay-Heavy.otf */,
				47BD89A02AD4FFFC0004D093 /* SFCompactDisplay-Light.otf */,
				47BD89982AD4FFFC0004D093 /* SFCompactDisplay-Medium.otf */,
				47BD89A62AD4FFFC0004D093 /* SFCompactDisplay-Regular.otf */,
				47BD89AB2AD4FFFC0004D093 /* SFCompactDisplay-Semibold.otf */,
				47BD899E2AD4FFFC0004D093 /* SFCompactDisplay-Thin.otf */,
				47BD89A92AD4FFFC0004D093 /* SFCompactDisplay-Ultralight.otf */,
				47BD89AC2AD4FFFC0004D093 /* SFProDisplay-Black.otf */,
				47BD899F2AD4FFFC0004D093 /* SFProDisplay-BlackItalic.otf */,
				47BD89AD2AD4FFFC0004D093 /* SFProDisplay-Bold.otf */,
				47BD89952AD4FFFC0004D093 /* SFProDisplay-BoldItalic.otf */,
				47BD89A82AD4FFFC0004D093 /* SFProDisplay-Heavy.otf */,
				47BD89AA2AD4FFFC0004D093 /* SFProDisplay-HeavyItalic.otf */,
				47BD89AF2AD4FFFC0004D093 /* SFProDisplay-Light.otf */,
				47BD89B32AD4FFFD0004D093 /* SFProDisplay-LightItalic.otf */,
				47BD899B2AD4FFFC0004D093 /* SFProDisplay-Medium.otf */,
				47BD89B72AD4FFFD0004D093 /* SFProDisplay-MediumItalic.otf */,
				47BD89B52AD4FFFD0004D093 /* SFProDisplay-Regular.otf */,
				47BD89A42AD4FFFC0004D093 /* SFProDisplay-RegularItalic.otf */,
				47BD89992AD4FFFC0004D093 /* SFProDisplay-Semibold.otf */,
				47BD89A12AD4FFFC0004D093 /* SFProDisplay-SemiboldItalic.otf */,
				47BD899C2AD4FFFC0004D093 /* SFProDisplay-Thin.otf */,
				47BD89B62AD4FFFD0004D093 /* SFProDisplay-ThinItalic.otf */,
				47BD89A52AD4FFFC0004D093 /* SFProDisplay-Ultralight.otf */,
				47BD89B82AD4FFFD0004D093 /* SFProDisplay-UltralightItalic.otf */,
				47BD89AE2AD4FFFC0004D093 /* SnellRoundhand-Black.ttf */,
				47BD89B02AD4FFFC0004D093 /* SnellRoundhand-Bold.ttf */,
				47BD89B42AD4FFFD0004D093 /* SnellRoundhand.ttf */,
			);
			path = Font;
			sourceTree = "<group>";
		};
		47BD89BB2AD5096A0004D093 /* Animation */ = {
			isa = PBXGroup;
			children = (
				47BD89C02AD509850004D093 /* delivery_animation.json */,
				47BD89BE2AD5097E0004D093 /* dataNewYear6.json */,
				47BD89C62AD50AAD0004D093 /* FlightAnimation.json */,
				47BD89C82AD50AAD0004D093 /* flower_animation.json */,
				47BD89CB2AD50AAD0004D093 /* golf_animation.json */,
				47BD89C92AD50AAD0004D093 /* hotel_animation.json */,
				47BD89C72AD50AAD0004D093 /* icon_vnshop.json */,
				47BD89CA2AD50AAD0004D093 /* loading.json */,
				47BD89CC2AD50AAD0004D093 /* taxi_animation.json */,
				47BD89CD2AD50AAD0004D093 /* TaxiAnimation.json */,
				47BD89C52AD50AAD0004D093 /* train_animation.json */,
				47BD89BC2AD509730004D093 /* bus_animation.json */,
			);
			path = Animation;
			sourceTree = "<group>";
		};
		47BD89C22AD509EA0004D093 /* SupportingFile */ = {
			isa = PBXGroup;
			children = (
				4741B7622AD4FA49006B6264 /* AppDelegate.swift */,
				473A5E0B2AD50FF100A34CE5 /* AppNavigator.swift */,
				4741B7662AD4FA49006B6264 /* ViewController.swift */,
				4741B7682AD4FA49006B6264 /* Main.storyboard */,
				47BD89C32AD509F50004D093 /* notify.mp3 */,
			);
			path = SupportingFile;
			sourceTree = "<group>";
		};
		47DA8E252AFB6FC100498E91 /* DetailAccountInfor */ = {
			isa = PBXGroup;
			children = (
				47DA8E262AFB6FCE00498E91 /* DetailAccountInforViewController.swift */,
				47DA8E272AFB6FCE00498E91 /* DetailAccountInforViewController.xib */,
			);
			path = DetailAccountInfor;
			sourceTree = "<group>";
		};
		76D133372AFDD0800056CC4A /* Notification */ = {
			isa = PBXGroup;
			children = (
				76D1333C2AFDD11A0056CC4A /* Cell */,
				76D133382AFDD0920056CC4A /* NotificationViewController.swift */,
				76D133392AFDD0920056CC4A /* NotificationViewController.xib */,
			);
			path = Notification;
			sourceTree = "<group>";
		};
		76D1333C2AFDD11A0056CC4A /* Cell */ = {
			isa = PBXGroup;
			children = (
				76D133492AFDD2B60056CC4A /* OtherNotification */,
				76D133442AFDD29B0056CC4A /* DealNotification */,
				76D1333F2AFDD2830056CC4A /* BalanceNotification */,
			);
			path = Cell;
			sourceTree = "<group>";
		};
		76D1333F2AFDD2830056CC4A /* BalanceNotification */ = {
			isa = PBXGroup;
			children = (
				76D133402AFDD2970056CC4A /* BalanceNotificationTableViewCell.swift */,
				76D133412AFDD2970056CC4A /* BalanceNotificationTableViewCell.xib */,
			);
			path = BalanceNotification;
			sourceTree = "<group>";
		};
		76D133442AFDD29B0056CC4A /* DealNotification */ = {
			isa = PBXGroup;
			children = (
				76D133452AFDD2A80056CC4A /* DealNotificationTableViewCell.swift */,
				76D133462AFDD2A80056CC4A /* DealNotificationTableViewCell.xib */,
			);
			path = DealNotification;
			sourceTree = "<group>";
		};
		76D133492AFDD2B60056CC4A /* OtherNotification */ = {
			isa = PBXGroup;
			children = (
				76D1334C2AFDE15C0056CC4A /* OtherNotificationTableViewCell.swift */,
				76D1334D2AFDE15C0056CC4A /* OtherNotificationTableViewCell.xib */,
			);
			path = OtherNotification;
			sourceTree = "<group>";
		};
		820DB4322AE212B500CB1138 /* AppInfor */ = {
			isa = PBXGroup;
			children = (
				820DB4372AE218FC00CB1138 /* Cell */,
				820DB4332AE212FE00CB1138 /* AppInforViewController.swift */,
				820DB4342AE212FE00CB1138 /* AppInforViewController.xib */,
			);
			path = AppInfor;
			sourceTree = "<group>";
		};
		820DB4372AE218FC00CB1138 /* Cell */ = {
			isa = PBXGroup;
			children = (
				820DB4382AE2191700CB1138 /* AppInforTableViewCell.swift */,
				820DB4392AE2191700CB1138 /* AppInforTableViewCell.xib */,
			);
			path = Cell;
			sourceTree = "<group>";
		};
		82162E162AF93A4900C3EACC /* PageControlCell */ = {
			isa = PBXGroup;
			children = (
				82162E172AF93A7300C3EACC /* PageControlCollectionViewCell.swift */,
				82162E182AF93A7300C3EACC /* PageControlCollectionViewCell.xib */,
			);
			path = PageControlCell;
			sourceTree = "<group>";
		};
		821C890B2AD6C095006DE8F2 /* Home */ = {
			isa = PBXGroup;
			children = (
				821C890C2AD6C144006DE8F2 /* HomeViewController.swift */,
				821C890D2AD6C144006DE8F2 /* HomeViewController.xib */,
				821C89102AD6C2C9006DE8F2 /* Cell */,
			);
			path = Home;
			sourceTree = "<group>";
		};
		821C89102AD6C2C9006DE8F2 /* Cell */ = {
			isa = PBXGroup;
			children = (
				82162E162AF93A4900C3EACC /* PageControlCell */,
				821C89202AD6D33C006DE8F2 /* AccountInforCell */,
				821C89112AD6C454006DE8F2 /* LoginCell */,
				821C89132AD6C5BB006DE8F2 /* PageVCCell */,
				821C89122AD6C473006DE8F2 /* OptionsCell */,
			);
			path = Cell;
			sourceTree = "<group>";
		};
		821C89112AD6C454006DE8F2 /* LoginCell */ = {
			isa = PBXGroup;
			children = (
				821C89142AD6C5E6006DE8F2 /* LoginTableViewCell.swift */,
				821C89152AD6C5E6006DE8F2 /* LoginTableViewCell.xib */,
			);
			path = LoginCell;
			sourceTree = "<group>";
		};
		821C89122AD6C473006DE8F2 /* OptionsCell */ = {
			isa = PBXGroup;
			children = (
				821C89282AD6EDEF006DE8F2 /* CustomCollectionView */,
				821C89182AD6C5FC006DE8F2 /* OptionsTableViewCell.swift */,
				821C89192AD6C5FC006DE8F2 /* OptionsTableViewCell.xib */,
			);
			path = OptionsCell;
			sourceTree = "<group>";
		};
		821C89132AD6C5BB006DE8F2 /* PageVCCell */ = {
			isa = PBXGroup;
			children = (
				821C891C2AD6C60A006DE8F2 /* PageVCTableViewCell.swift */,
				821C891D2AD6C60A006DE8F2 /* PageVCTableViewCell.xib */,
			);
			path = PageVCCell;
			sourceTree = "<group>";
		};
		821C89202AD6D33C006DE8F2 /* AccountInforCell */ = {
			isa = PBXGroup;
			children = (
				821C89212AD6D37C006DE8F2 /* AccountInforTableViewCell.swift */,
				821C89222AD6D37C006DE8F2 /* AccountInforTableViewCell.xib */,
			);
			path = AccountInforCell;
			sourceTree = "<group>";
		};
		821C89252AD6EC6C006DE8F2 /* Model */ = {
			isa = PBXGroup;
			children = (
				821C89262AD6EC80006DE8F2 /* HomeEntity.swift */,
				820DB43C2AE21B1700CB1138 /* AppInforEntity.swift */,
				471E5EE02AFB1F4600BB0278 /* AccountModel.swift */,
				76D1333D2AFDD2320056CC4A /* BalanceNotificationModel.swift */,
			);
			path = Model;
			sourceTree = "<group>";
		};
		821C89282AD6EDEF006DE8F2 /* CustomCollectionView */ = {
			isa = PBXGroup;
			children = (
				821C89292AD6EE25006DE8F2 /* HomeCustomCollectionViewCell.swift */,
				821C892A2AD6EE25006DE8F2 /* HomeCustomCollectionViewCell.xib */,
			);
			path = CustomCollectionView;
			sourceTree = "<group>";
		};
		82C4BB172AFA780F003D4F3B /* AccountInfor */ = {
			isa = PBXGroup;
			children = (
				82C4BB192AFA7838003D4F3B /* AccountInforViewController.swift */,
				82C4BB1A2AFA7838003D4F3B /* AccountInforViewController.xib */,
			);
			path = AccountInfor;
			sourceTree = "<group>";
		};
		82EAA0D42AD8D5330076C059 /* Settings */ = {
			isa = PBXGroup;
			children = (
				82EAA0D92AD8E9750076C059 /* Cell */,
				82162E102AF28CA000C3EACC /* SettingsView.swift */,
				82162E142AF28D6B00C3EACC /* SettingsView.xib */,
			);
			path = Settings;
			sourceTree = "<group>";
		};
		82EAA0D92AD8E9750076C059 /* Cell */ = {
			isa = PBXGroup;
			children = (
				82EAA0DA2AD8E9E60076C059 /* SettingsCollectionViewCell.swift */,
				82EAA0DB2AD8E9E60076C059 /* SettingsCollectionViewCell.xib */,
			);
			path = Cell;
			sourceTree = "<group>";
		};
		82EAA0DE2ADD79B70076C059 /* Transfer */ = {
			isa = PBXGroup;
			children = (
				82EAA0E32ADD7CE30076C059 /* Cell */,
				82EAA0DF2ADD7A150076C059 /* TransferViewController.swift */,
				82EAA0E02ADD7A150076C059 /* TransferViewController.xib */,
			);
			path = Transfer;
			sourceTree = "<group>";
		};
		82EAA0E32ADD7CE30076C059 /* Cell */ = {
			isa = PBXGroup;
			children = (
				82EAA0E42ADD7D040076C059 /* TransferCollectionViewCell.swift */,
				82EAA0E52ADD7D040076C059 /* TransferCollectionViewCell.xib */,
				82EAA0E82ADD8AA30076C059 /* TransferTableViewCell.swift */,
				82EAA0E92ADD8AA30076C059 /* TransferTableViewCell.xib */,
			);
			path = Cell;
			sourceTree = "<group>";
		};
		82EAA0F02AE171D60076C059 /* CardService */ = {
			isa = PBXGroup;
			children = (
				82EAA0F22AE172260076C059 /* CardServiceViewController.swift */,
				82EAA0F32AE172260076C059 /* CardServiceViewController.xib */,
			);
			path = CardService;
			sourceTree = "<group>";
		};
		85B47B5DEC69CEB4C762CF34 /* Frameworks */ = {
			isa = PBXGroup;
			children = (
				EEAE2A58FD9C081ABEBFF13B /* Pods_agribank_clone_app.framework */,
			);
			name = Frameworks;
			sourceTree = "<group>";
		};
		B1F4FF24E74B636FB71976CA /* Pods */ = {
			isa = PBXGroup;
			children = (
				B539BDF6EE5528913002F3D8 /* Pods-agribank_clone_app.debug.xcconfig */,
				EDF645DFFA077046CE5836A6 /* Pods-agribank_clone_app.release.xcconfig */,
			);
			path = Pods;
			sourceTree = "<group>";
		};
/* End PBXGroup section */

/* Begin PBXNativeTarget section */
		4741B75E2AD4FA49006B6264 /* agribank_clone_app */ = {
			isa = PBXNativeTarget;
			buildConfigurationList = 4741B7732AD4FA4B006B6264 /* Build configuration list for PBXNativeTarget "agribank_clone_app" */;
			buildPhases = (
				E17030401A416D72DB83E7AA /* [CP] Check Pods Manifest.lock */,
				4741B75B2AD4FA49006B6264 /* Sources */,
				4741B75C2AD4FA49006B6264 /* Frameworks */,
				4741B75D2AD4FA49006B6264 /* Resources */,
			);
			buildRules = (
			);
			dependencies = (
			);
			name = agribank_clone_app;
			productName = agribank_clone_app;
			productReference = 4741B75F2AD4FA49006B6264 /* agribank_clone_app.app */;
			productType = "com.apple.product-type.application";
		};
/* End PBXNativeTarget section */

/* Begin PBXProject section */
		4741B7572AD4FA49006B6264 /* Project object */ = {
			isa = PBXProject;
			attributes = {
				BuildIndependentTargetsInParallel = 1;
				LastSwiftUpdateCheck = 1430;
				LastUpgradeCheck = 1430;
				TargetAttributes = {
					4741B75E2AD4FA49006B6264 = {
						CreatedOnToolsVersion = 14.3;
						LastSwiftMigration = 1430;
					};
				};
			};
			buildConfigurationList = 4741B75A2AD4FA49006B6264 /* Build configuration list for PBXProject "agribank_clone_app" */;
			compatibilityVersion = "Xcode 14.0";
			developmentRegion = en;
			hasScannedForEncodings = 0;
			knownRegions = (
				en,
				Base,
			);
			mainGroup = 4741B7562AD4FA49006B6264;
			productRefGroup = 4741B7602AD4FA49006B6264 /* Products */;
			projectDirPath = "";
			projectRoot = "";
			targets = (
				4741B75E2AD4FA49006B6264 /* agribank_clone_app */,
			);
		};
/* End PBXProject section */

/* Begin PBXResourcesBuildPhase section */
		4741B75D2AD4FA49006B6264 /* Resources */ = {
			isa = PBXResourcesBuildPhase;
			buildActionMask = 2147483647;
			files = (
				47BD89D62AD50AAD0004D093 /* TaxiAnimation.json in Resources */,
				47BD89C12AD509850004D093 /* delivery_animation.json in Resources */,
				471E5ED92AFB1CA600BB0278 /* CreateAccountViewController.xib in Resources */,
				82162E152AF28D6B00C3EACC /* SettingsView.xib in Resources */,
				47BD89D12AD50AAD0004D093 /* flower_animation.json in Resources */,
				47854F7C2AFC93C600472D88 /* SearchFeatureViewController.xib in Resources */,
				821C89172AD6C5E6006DE8F2 /* LoginTableViewCell.xib in Resources */,
				82EAA0EB2ADD8AA30076C059 /* TransferTableViewCell.xib in Resources */,
				821C892C2AD6EE25006DE8F2 /* HomeCustomCollectionViewCell.xib in Resources */,
				82EAA0E72ADD7D040076C059 /* TransferCollectionViewCell.xib in Resources */,
				47BD89CE2AD50AAD0004D093 /* train_animation.json in Resources */,
				47BD89D22AD50AAD0004D093 /* hotel_animation.json in Resources */,
				76D1333B2AFDD0920056CC4A /* NotificationViewController.xib in Resources */,
				47BD89D02AD50AAD0004D093 /* icon_vnshop.json in Resources */,
				47BD89CF2AD50AAD0004D093 /* FlightAnimation.json in Resources */,
				76D133482AFDD2A80056CC4A /* DealNotificationTableViewCell.xib in Resources */,
				47BD89D32AD50AAD0004D093 /* loading.json in Resources */,
				4741B76F2AD4FA4B006B6264 /* LaunchScreen.storyboard in Resources */,
				82162E1A2AF93A7300C3EACC /* PageControlCollectionViewCell.xib in Resources */,
				47DA8E292AFB6FCE00498E91 /* DetailAccountInforViewController.xib in Resources */,
				47BD89D42AD50AAD0004D093 /* golf_animation.json in Resources */,
				821C891B2AD6C5FC006DE8F2 /* OptionsTableViewCell.xib in Resources */,
				76D133432AFDD2970056CC4A /* BalanceNotificationTableViewCell.xib in Resources */,
				820DB43B2AE2191700CB1138 /* AppInforTableViewCell.xib in Resources */,
				47854F872AFC9DDE00472D88 /* SuggestHeader.xib in Resources */,
				82EAA0F52AE172260076C059 /* CardServiceViewController.xib in Resources */,
				4741B76C2AD4FA4B006B6264 /* Assets.xcassets in Resources */,
				821C891F2AD6C60A006DE8F2 /* PageVCTableViewCell.xib in Resources */,
				47BD89D52AD50AAD0004D093 /* taxi_animation.json in Resources */,
				47854F812AFC952900472D88 /* SearchFeatureCollectionViewCell.xib in Resources */,
				47BD89BF2AD5097E0004D093 /* dataNewYear6.json in Resources */,
				821C89242AD6D37C006DE8F2 /* AccountInforTableViewCell.xib in Resources */,
				821C890F2AD6C144006DE8F2 /* HomeViewController.xib in Resources */,
				76D1334F2AFDE15C0056CC4A /* OtherNotificationTableViewCell.xib in Resources */,
				82C4BB1C2AFA7838003D4F3B /* AccountInforViewController.xib in Resources */,
				4741B76A2AD4FA49006B6264 /* Main.storyboard in Resources */,
				820DB4362AE212FE00CB1138 /* AppInforViewController.xib in Resources */,
				47BD89BD2AD509730004D093 /* bus_animation.json in Resources */,
				47BD89C42AD509F50004D093 /* notify.mp3 in Resources */,
				47854F8B2AFC9DF800472D88 /* SuggestFooter.xib in Resources */,
				82EAA0E22ADD7A150076C059 /* TransferViewController.xib in Resources */,
				82EAA0DD2AD8E9E60076C059 /* SettingsCollectionViewCell.xib in Resources */,
			);
			runOnlyForDeploymentPostprocessing = 0;
		};
/* End PBXResourcesBuildPhase section */

/* Begin PBXShellScriptBuildPhase section */
		E17030401A416D72DB83E7AA /* [CP] Check Pods Manifest.lock */ = {
			isa = PBXShellScriptBuildPhase;
			buildActionMask = 2147483647;
			files = (
			);
			inputFileListPaths = (
			);
			inputPaths = (
				"${PODS_PODFILE_DIR_PATH}/Podfile.lock",
				"${PODS_ROOT}/Manifest.lock",
			);
			name = "[CP] Check Pods Manifest.lock";
			outputFileListPaths = (
			);
			outputPaths = (
				"$(DERIVED_FILE_DIR)/Pods-agribank_clone_app-checkManifestLockResult.txt",
			);
			runOnlyForDeploymentPostprocessing = 0;
			shellPath = /bin/sh;
			shellScript = "diff \"${PODS_PODFILE_DIR_PATH}/Podfile.lock\" \"${PODS_ROOT}/Manifest.lock\" > /dev/null\nif [ $? != 0 ] ; then\n    # print error to STDERR\n    echo \"error: The sandbox is not in sync with the Podfile.lock. Run 'pod install' or update your CocoaPods installation.\" >&2\n    exit 1\nfi\n# This output is used by Xcode 'outputs' to avoid re-running this script phase.\necho \"SUCCESS\" > \"${SCRIPT_OUTPUT_FILE_0}\"\n";
			showEnvVarsInLog = 0;
		};
/* End PBXShellScriptBuildPhase section */

/* Begin PBXSourcesBuildPhase section */
		4741B75B2AD4FA49006B6264 /* Sources */ = {
			isa = PBXSourcesBuildPhase;
			buildActionMask = 2147483647;
			files = (
				82EAA0DC2AD8E9E60076C059 /* SettingsCollectionViewCell.swift in Sources */,
				76D133422AFDD2970056CC4A /* BalanceNotificationTableViewCell.swift in Sources */,
				47854F802AFC952900472D88 /* SearchFeatureCollectionViewCell.swift in Sources */,
				471E5EDE2AFB1ECE00BB0278 /* Constant.swift in Sources */,
				821C891A2AD6C5FC006DE8F2 /* OptionsTableViewCell.swift in Sources */,
				821C89272AD6EC80006DE8F2 /* HomeEntity.swift in Sources */,
				76D1333A2AFDD0920056CC4A /* NotificationViewController.swift in Sources */,
				47854F862AFC9DDE00472D88 /* SuggestHeader.swift in Sources */,
				820DB43A2AE2191700CB1138 /* AppInforTableViewCell.swift in Sources */,
				82EAA0E62ADD7D040076C059 /* TransferCollectionViewCell.swift in Sources */,
				475F06D82AF231350055D405 /* BaseViewController.swift in Sources */,
				76D1334B2AFDDB920056CC4A /* UIImageExtension.swift in Sources */,
				4795E9A92AF010D000EFE78A /* TabbarViewController.swift in Sources */,
				821C892B2AD6EE25006DE8F2 /* HomeCustomCollectionViewCell.swift in Sources */,
				479DDABE2AF634D300BF3416 /* CommonEnum.swift in Sources */,
				82EAA0F42AE172260076C059 /* CardServiceViewController.swift in Sources */,
				473A5E012AD50F9400A34CE5 /* TPKeyboardAvoidingCollectionView.m in Sources */,
				473A5E072AD50FB800A34CE5 /* UIColorExtension.swift in Sources */,
				47854F8A2AFC9DF800472D88 /* SuggestFooter.swift in Sources */,
				473A5E022AD50F9400A34CE5 /* UIScrollView+TPKeyboardAvoidingAdditions.m in Sources */,
				821C89232AD6D37C006DE8F2 /* AccountInforTableViewCell.swift in Sources */,
				473A5E0C2AD50FF100A34CE5 /* AppNavigator.swift in Sources */,
				473A5DFF2AD50F9400A34CE5 /* TPKeyboardAvoidingTableView.m in Sources */,
				473A5E082AD50FB800A34CE5 /* UIViewControllerExtension.swift in Sources */,
				82EAA0E12ADD7A150076C059 /* TransferViewController.swift in Sources */,
				76D1333E2AFDD2320056CC4A /* BalanceNotificationModel.swift in Sources */,
				471E5EE12AFB1F4600BB0278 /* AccountModel.swift in Sources */,
				821C891E2AD6C60A006DE8F2 /* PageVCTableViewCell.swift in Sources */,
				473A5E002AD50F9400A34CE5 /* TPKeyboardAvoidingScrollView.m in Sources */,
				471E5ED82AFB1CA600BB0278 /* CreateAccountViewController.swift in Sources */,
				821C890E2AD6C144006DE8F2 /* HomeViewController.swift in Sources */,
				82162E192AF93A7300C3EACC /* PageControlCollectionViewCell.swift in Sources */,
				473A5E092AD50FB800A34CE5 /* UIViewExtension.swift in Sources */,
				4741B7672AD4FA49006B6264 /* ViewController.swift in Sources */,
				471E5EDD2AFB1ECE00BB0278 /* CommonUtils.swift in Sources */,
				82162E112AF28CA000C3EACC /* SettingsView.swift in Sources */,
				82EAA0EA2ADD8AA30076C059 /* TransferTableViewCell.swift in Sources */,
				471E5EDF2AFB1ECE00BB0278 /* Storage.swift in Sources */,
				4741B7632AD4FA49006B6264 /* AppDelegate.swift in Sources */,
				820DB4352AE212FE00CB1138 /* AppInforViewController.swift in Sources */,
				47DA8E242AFB6B4200498E91 /* IntExtension.swift in Sources */,
				47854F7B2AFC93C600472D88 /* SearchFeatureViewController.swift in Sources */,
				47DA8E282AFB6FCE00498E91 /* DetailAccountInforViewController.swift in Sources */,
				76D1334E2AFDE15C0056CC4A /* OtherNotificationTableViewCell.swift in Sources */,
				820DB43D2AE21B1700CB1138 /* AppInforEntity.swift in Sources */,
				82C4BB1B2AFA7838003D4F3B /* AccountInforViewController.swift in Sources */,
				76D133472AFDD2A80056CC4A /* DealNotificationTableViewCell.swift in Sources */,
				821C89162AD6C5E6006DE8F2 /* LoginTableViewCell.swift in Sources */,
			);
			runOnlyForDeploymentPostprocessing = 0;
		};
/* End PBXSourcesBuildPhase section */

/* Begin PBXVariantGroup section */
		4741B7682AD4FA49006B6264 /* Main.storyboard */ = {
			isa = PBXVariantGroup;
			children = (
				4741B7692AD4FA49006B6264 /* Base */,
			);
			name = Main.storyboard;
			sourceTree = "<group>";
		};
		4741B76D2AD4FA4B006B6264 /* LaunchScreen.storyboard */ = {
			isa = PBXVariantGroup;
			children = (
				4741B76E2AD4FA4B006B6264 /* Base */,
			);
			name = LaunchScreen.storyboard;
			sourceTree = "<group>";
		};
/* End PBXVariantGroup section */

/* Begin XCBuildConfiguration section */
		4741B7712AD4FA4B006B6264 /* Debug */ = {
			isa = XCBuildConfiguration;
			buildSettings = {
				ALWAYS_SEARCH_USER_PATHS = NO;
				CLANG_ANALYZER_NONNULL = YES;
				CLANG_ANALYZER_NUMBER_OBJECT_CONVERSION = YES_AGGRESSIVE;
				CLANG_CXX_LANGUAGE_STANDARD = "gnu++20";
				CLANG_ENABLE_MODULES = YES;
				CLANG_ENABLE_OBJC_ARC = YES;
				CLANG_ENABLE_OBJC_WEAK = YES;
				CLANG_WARN_BLOCK_CAPTURE_AUTORELEASING = YES;
				CLANG_WARN_BOOL_CONVERSION = YES;
				CLANG_WARN_COMMA = YES;
				CLANG_WARN_CONSTANT_CONVERSION = YES;
				CLANG_WARN_DEPRECATED_OBJC_IMPLEMENTATIONS = YES;
				CLANG_WARN_DIRECT_OBJC_ISA_USAGE = YES_ERROR;
				CLANG_WARN_DOCUMENTATION_COMMENTS = YES;
				CLANG_WARN_EMPTY_BODY = YES;
				CLANG_WARN_ENUM_CONVERSION = YES;
				CLANG_WARN_INFINITE_RECURSION = YES;
				CLANG_WARN_INT_CONVERSION = YES;
				CLANG_WARN_NON_LITERAL_NULL_CONVERSION = YES;
				CLANG_WARN_OBJC_IMPLICIT_RETAIN_SELF = YES;
				CLANG_WARN_OBJC_LITERAL_CONVERSION = YES;
				CLANG_WARN_OBJC_ROOT_CLASS = YES_ERROR;
				CLANG_WARN_QUOTED_INCLUDE_IN_FRAMEWORK_HEADER = YES;
				CLANG_WARN_RANGE_LOOP_ANALYSIS = YES;
				CLANG_WARN_STRICT_PROTOTYPES = YES;
				CLANG_WARN_SUSPICIOUS_MOVE = YES;
				CLANG_WARN_UNGUARDED_AVAILABILITY = YES_AGGRESSIVE;
				CLANG_WARN_UNREACHABLE_CODE = YES;
				CLANG_WARN__DUPLICATE_METHOD_MATCH = YES;
				COPY_PHASE_STRIP = NO;
				DEBUG_INFORMATION_FORMAT = dwarf;
				ENABLE_STRICT_OBJC_MSGSEND = YES;
				ENABLE_TESTABILITY = YES;
				GCC_C_LANGUAGE_STANDARD = gnu11;
				GCC_DYNAMIC_NO_PIC = NO;
				GCC_NO_COMMON_BLOCKS = YES;
				GCC_OPTIMIZATION_LEVEL = 0;
				GCC_PREPROCESSOR_DEFINITIONS = (
					"DEBUG=1",
					"$(inherited)",
				);
				GCC_WARN_64_TO_32_BIT_CONVERSION = YES;
				GCC_WARN_ABOUT_RETURN_TYPE = YES_ERROR;
				GCC_WARN_UNDECLARED_SELECTOR = YES;
				GCC_WARN_UNINITIALIZED_AUTOS = YES_AGGRESSIVE;
				GCC_WARN_UNUSED_FUNCTION = YES;
				GCC_WARN_UNUSED_VARIABLE = YES;
				IPHONEOS_DEPLOYMENT_TARGET = 16.4;
				MTL_ENABLE_DEBUG_INFO = INCLUDE_SOURCE;
				MTL_FAST_MATH = YES;
				ONLY_ACTIVE_ARCH = YES;
				SDKROOT = iphoneos;
				SWIFT_ACTIVE_COMPILATION_CONDITIONS = DEBUG;
				SWIFT_OPTIMIZATION_LEVEL = "-Onone";
			};
			name = Debug;
		};
		4741B7722AD4FA4B006B6264 /* Release */ = {
			isa = XCBuildConfiguration;
			buildSettings = {
				ALWAYS_SEARCH_USER_PATHS = NO;
				CLANG_ANALYZER_NONNULL = YES;
				CLANG_ANALYZER_NUMBER_OBJECT_CONVERSION = YES_AGGRESSIVE;
				CLANG_CXX_LANGUAGE_STANDARD = "gnu++20";
				CLANG_ENABLE_MODULES = YES;
				CLANG_ENABLE_OBJC_ARC = YES;
				CLANG_ENABLE_OBJC_WEAK = YES;
				CLANG_WARN_BLOCK_CAPTURE_AUTORELEASING = YES;
				CLANG_WARN_BOOL_CONVERSION = YES;
				CLANG_WARN_COMMA = YES;
				CLANG_WARN_CONSTANT_CONVERSION = YES;
				CLANG_WARN_DEPRECATED_OBJC_IMPLEMENTATIONS = YES;
				CLANG_WARN_DIRECT_OBJC_ISA_USAGE = YES_ERROR;
				CLANG_WARN_DOCUMENTATION_COMMENTS = YES;
				CLANG_WARN_EMPTY_BODY = YES;
				CLANG_WARN_ENUM_CONVERSION = YES;
				CLANG_WARN_INFINITE_RECURSION = YES;
				CLANG_WARN_INT_CONVERSION = YES;
				CLANG_WARN_NON_LITERAL_NULL_CONVERSION = YES;
				CLANG_WARN_OBJC_IMPLICIT_RETAIN_SELF = YES;
				CLANG_WARN_OBJC_LITERAL_CONVERSION = YES;
				CLANG_WARN_OBJC_ROOT_CLASS = YES_ERROR;
				CLANG_WARN_QUOTED_INCLUDE_IN_FRAMEWORK_HEADER = YES;
				CLANG_WARN_RANGE_LOOP_ANALYSIS = YES;
				CLANG_WARN_STRICT_PROTOTYPES = YES;
				CLANG_WARN_SUSPICIOUS_MOVE = YES;
				CLANG_WARN_UNGUARDED_AVAILABILITY = YES_AGGRESSIVE;
				CLANG_WARN_UNREACHABLE_CODE = YES;
				CLANG_WARN__DUPLICATE_METHOD_MATCH = YES;
				COPY_PHASE_STRIP = NO;
				DEBUG_INFORMATION_FORMAT = "dwarf-with-dsym";
				ENABLE_NS_ASSERTIONS = NO;
				ENABLE_STRICT_OBJC_MSGSEND = YES;
				GCC_C_LANGUAGE_STANDARD = gnu11;
				GCC_NO_COMMON_BLOCKS = YES;
				GCC_WARN_64_TO_32_BIT_CONVERSION = YES;
				GCC_WARN_ABOUT_RETURN_TYPE = YES_ERROR;
				GCC_WARN_UNDECLARED_SELECTOR = YES;
				GCC_WARN_UNINITIALIZED_AUTOS = YES_AGGRESSIVE;
				GCC_WARN_UNUSED_FUNCTION = YES;
				GCC_WARN_UNUSED_VARIABLE = YES;
				IPHONEOS_DEPLOYMENT_TARGET = 16.4;
				MTL_ENABLE_DEBUG_INFO = NO;
				MTL_FAST_MATH = YES;
				SDKROOT = iphoneos;
				SWIFT_COMPILATION_MODE = wholemodule;
				SWIFT_OPTIMIZATION_LEVEL = "-O";
				VALIDATE_PRODUCT = YES;
			};
			name = Release;
		};
		4741B7742AD4FA4B006B6264 /* Debug */ = {
			isa = XCBuildConfiguration;
			baseConfigurationReference = B539BDF6EE5528913002F3D8 /* Pods-agribank_clone_app.debug.xcconfig */;
			buildSettings = {
				ASSETCATALOG_COMPILER_APPICON_NAME = AppIcon;
				ASSETCATALOG_COMPILER_GLOBAL_ACCENT_COLOR_NAME = AccentColor;
				CLANG_ENABLE_MODULES = YES;
				CODE_SIGN_STYLE = Automatic;
				CURRENT_PROJECT_VERSION = 1;
				DEVELOPMENT_TEAM = 5WKZDX6SMV;
				GENERATE_INFOPLIST_FILE = YES;
				INFOPLIST_FILE = agribank_clone_app/Info.plist;
				INFOPLIST_KEY_CFBundleDisplayName = Agribank;
				INFOPLIST_KEY_UIApplicationSupportsIndirectInputEvents = YES;
				INFOPLIST_KEY_UILaunchStoryboardName = LaunchScreen;
				INFOPLIST_KEY_UIMainStoryboardFile = Main;
				INFOPLIST_KEY_UISupportedInterfaceOrientations_iPad = "UIInterfaceOrientationPortrait UIInterfaceOrientationPortraitUpsideDown UIInterfaceOrientationLandscapeLeft UIInterfaceOrientationLandscapeRight";
				INFOPLIST_KEY_UISupportedInterfaceOrientations_iPhone = "UIInterfaceOrientationPortrait UIInterfaceOrientationLandscapeLeft UIInterfaceOrientationLandscapeRight";
				IPHONEOS_DEPLOYMENT_TARGET = 13.6;
				LD_RUNPATH_SEARCH_PATHS = (
					"$(inherited)",
					"@executable_path/Frameworks",
				);
				MARKETING_VERSION = 1.0;
				PRODUCT_BUNDLE_IDENTIFIER = "agribank-danganhung";
				PRODUCT_NAME = "$(TARGET_NAME)";
				SWIFT_EMIT_LOC_STRINGS = YES;
				SWIFT_OBJC_BRIDGING_HEADER = "agribank_clone_app/Library/agribank_clone_app-Bridging-Header.h";
				SWIFT_OPTIMIZATION_LEVEL = "-Onone";
				SWIFT_VERSION = 5.0;
				TARGETED_DEVICE_FAMILY = "1,2";
			};
			name = Debug;
		};
		4741B7752AD4FA4B006B6264 /* Release */ = {
			isa = XCBuildConfiguration;
			baseConfigurationReference = EDF645DFFA077046CE5836A6 /* Pods-agribank_clone_app.release.xcconfig */;
			buildSettings = {
				ASSETCATALOG_COMPILER_APPICON_NAME = AppIcon;
				ASSETCATALOG_COMPILER_GLOBAL_ACCENT_COLOR_NAME = AccentColor;
				CLANG_ENABLE_MODULES = YES;
				CODE_SIGN_STYLE = Automatic;
				CURRENT_PROJECT_VERSION = 1;
				DEVELOPMENT_TEAM = 5WKZDX6SMV;
				GENERATE_INFOPLIST_FILE = YES;
				INFOPLIST_FILE = agribank_clone_app/Info.plist;
				INFOPLIST_KEY_CFBundleDisplayName = Agribank;
				INFOPLIST_KEY_UIApplicationSupportsIndirectInputEvents = YES;
				INFOPLIST_KEY_UILaunchStoryboardName = LaunchScreen;
				INFOPLIST_KEY_UIMainStoryboardFile = Main;
				INFOPLIST_KEY_UISupportedInterfaceOrientations_iPad = "UIInterfaceOrientationPortrait UIInterfaceOrientationPortraitUpsideDown UIInterfaceOrientationLandscapeLeft UIInterfaceOrientationLandscapeRight";
				INFOPLIST_KEY_UISupportedInterfaceOrientations_iPhone = "UIInterfaceOrientationPortrait UIInterfaceOrientationLandscapeLeft UIInterfaceOrientationLandscapeRight";
				IPHONEOS_DEPLOYMENT_TARGET = 13.6;
				LD_RUNPATH_SEARCH_PATHS = (
					"$(inherited)",
					"@executable_path/Frameworks",
				);
				MARKETING_VERSION = 1.0;
				PRODUCT_BUNDLE_IDENTIFIER = "agribank-danganhung";
				PRODUCT_NAME = "$(TARGET_NAME)";
				SWIFT_EMIT_LOC_STRINGS = YES;
				SWIFT_OBJC_BRIDGING_HEADER = "agribank_clone_app/Library/agribank_clone_app-Bridging-Header.h";
				SWIFT_VERSION = 5.0;
				TARGETED_DEVICE_FAMILY = "1,2";
			};
			name = Release;
		};
/* End XCBuildConfiguration section */

/* Begin XCConfigurationList section */
		4741B75A2AD4FA49006B6264 /* Build configuration list for PBXProject "agribank_clone_app" */ = {
			isa = XCConfigurationList;
			buildConfigurations = (
				4741B7712AD4FA4B006B6264 /* Debug */,
				4741B7722AD4FA4B006B6264 /* Release */,
			);
			defaultConfigurationIsVisible = 0;
			defaultConfigurationName = Release;
		};
		4741B7732AD4FA4B006B6264 /* Build configuration list for PBXNativeTarget "agribank_clone_app" */ = {
			isa = XCConfigurationList;
			buildConfigurations = (
				4741B7742AD4FA4B006B6264 /* Debug */,
				4741B7752AD4FA4B006B6264 /* Release */,
			);
			defaultConfigurationIsVisible = 0;
			defaultConfigurationName = Release;
		};
/* End XCConfigurationList section */
	};
	rootObject = 4741B7572AD4FA49006B6264 /* Project object */;
}
